[[package]]
category = "dev"
description = "A small Python module for determining appropriate platform-specific dirs, e.g. a \"user data dir\"."
name = "appdirs"
optional = false
python-versions = "*"
version = "1.4.3"

[[package]]
category = "dev"
description = "Disable App Nap on OS X 10.9"
marker = "python_version >= \"3.3\" and sys_platform == \"darwin\" or sys_platform == \"darwin\""
name = "appnope"
optional = false
python-versions = "*"
version = "0.1.0"

[[package]]
category = "dev"
description = "An unobtrusive argparse wrapper with natural syntax"
name = "argh"
optional = false
python-versions = "*"
version = "0.26.2"

[[package]]
category = "dev"
description = "An abstract syntax tree for Python with inference support."
name = "astroid"
optional = false
python-versions = ">=3.4.*"
version = "2.2.5"

[package.dependencies]
lazy-object-proxy = "*"
six = "*"
typed-ast = ">=1.3.0"
wrapt = "*"

[[package]]
category = "dev"
description = "Atomic file writes."
name = "atomicwrites"
optional = false
python-versions = ">=2.7, !=3.0.*, !=3.1.*, !=3.2.*, !=3.3.*"
version = "1.3.0"

[[package]]
category = "dev"
description = "Classes Without Boilerplate"
name = "attrs"
optional = false
python-versions = ">=2.7, !=3.0.*, !=3.1.*, !=3.2.*, !=3.3.*"
version = "19.1.0"

[[package]]
category = "dev"
description = "Specifications for callback functions passed in to an API"
name = "backcall"
optional = false
python-versions = "*"
version = "0.1.0"

[[package]]
category = "dev"
description = "A backport of the get_terminal_size function from Python 3.3's shutil."
name = "backports.shutil-get-terminal-size"
optional = false
python-versions = "*"
version = "1.0.0"

[[package]]
category = "dev"
description = "The uncompromising code formatter."
name = "black"
optional = false
python-versions = ">=3.6"
version = "19.3b0"

[package.dependencies]
appdirs = "*"
attrs = ">=18.1.0"
click = ">=6.5"
toml = ">=0.9.4"

[[package]]
category = "dev"
description = "An easy safelist-based HTML-sanitizing tool."
name = "bleach"
optional = false
python-versions = ">=2.7, !=3.0.*, !=3.1.*, !=3.2.*, !=3.3.*"
version = "3.1.0"

[package.dependencies]
six = ">=1.9.0"
webencodings = "*"

[[package]]
category = "main"
description = "A decorator for caching properties in classes."
name = "cached-property"
optional = false
python-versions = "*"
version = "1.5.1"

[[package]]
category = "dev"
description = "Python package for providing Mozilla's CA Bundle."
name = "certifi"
optional = false
python-versions = "*"
version = "2019.3.9"

[[package]]
category = "dev"
description = "Universal encoding detector for Python 2 and 3"
name = "chardet"
optional = false
python-versions = "*"
version = "3.0.4"

[[package]]
category = "main"
description = "property for class methods"
name = "classproperties"
optional = false
python-versions = "*"
version = "0.1.3"

[[package]]
category = "dev"
description = "Composable command line interface toolkit"
name = "click"
optional = false
python-versions = ">=2.7, !=3.0.*, !=3.1.*, !=3.2.*, !=3.3.*"
version = "7.0"

[[package]]
category = "dev"
description = "Cross-platform colored terminal text."
name = "colorama"
optional = false
python-versions = "*"
version = "0.3.9"

[[package]]
category = "dev"
description = "Code coverage measurement for Python"
name = "coverage"
optional = false
python-versions = ">=2.6, !=3.0.*, !=3.1.*, !=3.2.*, <4"
version = "4.5.3"

[[package]]
category = "dev"
description = "A place to track your code coverage metrics."
name = "coveragespace"
optional = false
python-versions = ">=2.7, !=3.0.*, !=3.1.*, !=3.2.*"
version = "2.1"

[package.dependencies]
"backports.shutil-get-terminal-size" = ">=1.0,<2.0"
colorama = ">=0.3,<0.4"
coverage = ">=4.0,<5.0"
docopt = ">=0.6,<0.7"
requests = ">=2.0,<3.0"

[[package]]
category = "dev"
description = "Better living through Python with decorators"
name = "decorator"
optional = false
python-versions = ">=2.6, !=3.0.*, !=3.1.*"
version = "4.4.0"

[[package]]
category = "dev"
description = "XML bomb protection for Python stdlib modules"
name = "defusedxml"
optional = false
python-versions = "*"
version = "0.5.0"

[[package]]
category = "dev"
description = "Pythonic argument parser, that will make you smile"
name = "docopt"
optional = false
python-versions = "*"
version = "0.6.2"

[[package]]
category = "dev"
description = "Discover and load entry points from installed packages."
name = "entrypoints"
optional = false
python-versions = ">=2.7"
version = "0.3"

[[package]]
category = "dev"
description = "Generate a dot graph from the output of several profilers."
name = "gprof2dot"
optional = false
python-versions = "*"
version = "2017.9.19"

[[package]]
category = "dev"
description = "Internationalized Domain Names in Applications (IDNA)"
name = "idna"
optional = false
python-versions = ">=2.7, !=3.0.*, !=3.1.*, !=3.2.*, !=3.3.*"
version = "2.8"

[[package]]
category = "dev"
description = "IPython Kernel for Jupyter"
name = "ipykernel"
optional = false
python-versions = ">=3.4"
version = "5.1.0"

[package.dependencies]
ipython = ">=5.0.0"
jupyter-client = "*"
tornado = ">=4.2"
traitlets = ">=4.1.0"

[[package]]
category = "dev"
description = "IPython: Productive Interactive Computing"
name = "ipython"
optional = false
python-versions = ">=3.5"
version = "7.4.0"

[package.dependencies]
appnope = "*"
backcall = "*"
colorama = "*"
decorator = "*"
jedi = ">=0.10"
pexpect = "*"
pickleshare = "*"
prompt-toolkit = ">=2.0.0,<2.1.0"
pygments = "*"
setuptools = ">=18.5"
traitlets = ">=4.2"

[[package]]
category = "dev"
description = "Vestigial utilities from IPython"
name = "ipython-genutils"
optional = false
python-versions = "*"
version = "0.2.0"

[[package]]
category = "dev"
description = "IPython HTML widgets for Jupyter"
name = "ipywidgets"
optional = false
python-versions = "*"
version = "7.4.2"

[package.dependencies]
ipykernel = ">=4.5.1"
nbformat = ">=4.2.0"
traitlets = ">=4.3.1"
widgetsnbextension = ">=3.4.0,<3.5.0"

[package.dependencies.ipython]
python = ">=3.3"
version = ">=4.0.0"

[[package]]
category = "dev"
description = "A Python utility / library to sort Python imports."
name = "isort"
optional = false
python-versions = ">=2.7, !=3.0.*, !=3.1.*, !=3.2.*, !=3.3.*"
version = "4.3.4"

[[package]]
category = "dev"
description = "An autocompletion tool for Python that can be used for text editors."
name = "jedi"
optional = false
python-versions = ">=2.7, !=3.0.*, !=3.1.*, !=3.2.*, !=3.3.*"
version = "0.13.3"

[package.dependencies]
parso = ">=0.3.0"

[[package]]
category = "dev"
description = "A small but fast and easy to use stand-alone template engine written in pure python."
name = "jinja2"
optional = false
python-versions = "*"
version = "2.10"

[package.dependencies]
MarkupSafe = ">=0.23"

[[package]]
category = "dev"
description = "An implementation of JSON Schema validation for Python"
name = "jsonschema"
optional = false
python-versions = "*"
version = "3.0.1"

[package.dependencies]
attrs = ">=17.4.0"
pyrsistent = ">=0.14.0"
setuptools = "*"
six = ">=1.11.0"

[[package]]
category = "dev"
description = "Jupyter metapackage. Install all the Jupyter components in one go."
name = "jupyter"
optional = false
python-versions = "*"
version = "1.0.0"

[package.dependencies]
ipykernel = "*"
ipywidgets = "*"
jupyter-console = "*"
nbconvert = "*"
notebook = "*"
qtconsole = "*"

[[package]]
category = "dev"
description = "Jupyter protocol implementation and client libraries"
name = "jupyter-client"
optional = false
python-versions = ">=2.7, !=3.0.*, !=3.1.*, !=3.2.*"
version = "5.2.4"

[package.dependencies]
jupyter-core = "*"
python-dateutil = ">=2.1"
pyzmq = ">=13"
tornado = ">=4.1"
traitlets = "*"

[[package]]
category = "dev"
description = "Jupyter terminal console"
name = "jupyter-console"
optional = false
python-versions = ">=3.5"
version = "6.0.0"

[package.dependencies]
ipykernel = "*"
ipython = "*"
jupyter-client = "*"
prompt-toolkit = ">=2.0.0,<2.1.0"
pygments = "*"

[[package]]
category = "dev"
description = "Jupyter core package. A base package on which Jupyter projects rely."
name = "jupyter-core"
optional = false
python-versions = "*"
version = "4.4.0"

[package.dependencies]
traitlets = "*"

[[package]]
category = "dev"
description = "A fast and thorough lazy object proxy."
name = "lazy-object-proxy"
optional = false
python-versions = "*"
version = "1.3.1"

[[package]]
category = "dev"
description = "Python LiveReload is an awesome tool for web developers"
name = "livereload"
optional = false
python-versions = "*"
version = "2.6.0"

[package.dependencies]
six = "*"
tornado = "*"

[[package]]
category = "dev"
description = "Python implementation of Markdown."
name = "markdown"
optional = false
python-versions = ">=2.7,!=3.0.*,!=3.1.*,!=3.2.*,!=3.3.*,!=3.4.*"
version = "3.1"

[package.dependencies]
setuptools = ">=36"

[[package]]
category = "dev"
description = "Safely add untrusted strings to HTML/XML markup."
name = "markupsafe"
optional = false
python-versions = ">=2.7,!=3.0.*,!=3.1.*,!=3.2.*,!=3.3.*"
version = "1.1.1"

[[package]]
category = "dev"
description = "McCabe checker, plugin for flake8"
name = "mccabe"
optional = false
python-versions = "*"
version = "0.6.1"

[[package]]
category = "main"
description = "Minimalistic wrapper for Python logging."
name = "minilog"
optional = false
python-versions = ">=3.4,<4.0"
version = "1.2.3"

[[package]]
category = "dev"
description = "The fastest markdown parser in pure Python"
name = "mistune"
optional = false
python-versions = "*"
version = "0.8.4"

[[package]]
category = "dev"
description = "Project documentation with Markdown."
name = "mkdocs"
optional = false
python-versions = ">=2.7.9,!=3.0.*,!=3.1.*,!=3.2.*,!=3.3.*"
version = "1.0.4"

[package.dependencies]
Jinja2 = ">=2.7.1"
Markdown = ">=2.3.1"
PyYAML = ">=3.10"
click = ">=3.3"
livereload = ">=2.5.1"
tornado = ">=5.0"

[[package]]
category = "dev"
description = "More routines for operating on iterables, beyond itertools"
marker = "python_version > \"2.7\""
name = "more-itertools"
optional = false
python-versions = ">=3.4"
version = "7.0.0"

[[package]]
category = "dev"
description = "Optional static typing for Python"
name = "mypy"
optional = false
python-versions = "*"
version = "0.670"

[package.dependencies]
mypy-extensions = ">=0.4.0,<0.5.0"
typed-ast = ">=1.3.1,<1.4.0"

[[package]]
category = "dev"
description = "Experimental type system extensions for programs checked with the mypy typechecker."
name = "mypy-extensions"
optional = false
python-versions = "*"
version = "0.4.1"

[[package]]
category = "dev"
description = "Converting Jupyter Notebooks"
name = "nbconvert"
optional = false
python-versions = ">=2.7, !=3.0.*, !=3.1.*, !=3.2.*, !=3.3.*"
version = "5.4.1"

[package.dependencies]
bleach = "*"
defusedxml = "*"
entrypoints = ">=0.2.2"
jinja2 = "*"
jupyter-core = "*"
mistune = ">=0.8.1"
nbformat = ">=4.4"
pandocfilters = ">=1.4.1"
pygments = "*"
testpath = "*"
traitlets = ">=4.2"

[[package]]
category = "dev"
description = "The Jupyter Notebook format"
name = "nbformat"
optional = false
python-versions = "*"
version = "4.4.0"

[package.dependencies]
ipython-genutils = "*"
jsonschema = ">=2.4,<2.5.0 || >2.5.0"
jupyter-core = "*"
traitlets = ">=4.1"

[[package]]
category = "dev"
description = "A web-based notebook environment for interactive computing"
name = "notebook"
optional = false
python-versions = "*"
version = "5.7.7"

[package.dependencies]
Send2Trash = "*"
ipykernel = "*"
ipython-genutils = "*"
jinja2 = "*"
jupyter-client = ">=5.2.0"
jupyter-core = ">=4.4.0"
nbconvert = "*"
nbformat = "*"
prometheus-client = "*"
pyzmq = ">=17"
terminado = ">=0.8.1"
tornado = ">=4.1,<7"
traitlets = ">=4.2.1"

[[package]]
category = "dev"
description = "Utilities for writing pandoc filters in python"
name = "pandocfilters"
optional = false
python-versions = "*"
version = "1.4.2"

[[package]]
category = "dev"
description = "A Python Parser"
name = "parso"
optional = false
python-versions = "*"
version = "0.3.4"

[[package]]
category = "dev"
description = "File system general utilities"
name = "pathtools"
optional = false
python-versions = "*"
version = "0.1.2"

[[package]]
category = "dev"
description = "Pexpect allows easy control of interactive console applications."
marker = "python_version >= \"3.3\" and sys_platform != \"win32\" or sys_platform != \"win32\""
name = "pexpect"
optional = false
python-versions = "*"
version = "4.6.0"

[package.dependencies]
ptyprocess = ">=0.5"

[[package]]
category = "dev"
description = "Tiny 'shelve'-like database with concurrency support"
name = "pickleshare"
optional = false
python-versions = "*"
version = "0.7.5"

[[package]]
category = "dev"
description = "plugin and hook calling mechanisms for python"
name = "pluggy"
optional = false
python-versions = ">=2.7, !=3.0.*, !=3.1.*, !=3.2.*, !=3.3.*"
version = "0.9.0"

[[package]]
category = "dev"
description = "Python client for the Prometheus monitoring system."
name = "prometheus-client"
optional = false
python-versions = "*"
version = "0.6.0"

[[package]]
category = "dev"
description = "Library for building powerful interactive command lines in Python"
name = "prompt-toolkit"
optional = false
python-versions = "*"
version = "2.0.9"

[package.dependencies]
six = ">=1.9.0"
wcwidth = "*"

[[package]]
category = "dev"
description = "Run a subprocess in a pseudo terminal"
marker = "sys_platform != \"win32\" or os_name != \"nt\" or python_version >= \"3.3\" and sys_platform != \"win32\""
name = "ptyprocess"
optional = false
python-versions = "*"
version = "0.6.0"

[[package]]
category = "dev"
description = "library with cross-python path, ini-parsing, io, code, log facilities"
name = "py"
optional = false
python-versions = ">=2.7, !=3.0.*, !=3.1.*, !=3.2.*, !=3.3.*"
version = "1.8.0"

[[package]]
category = "dev"
description = "Python docstring style checker"
name = "pydocstyle"
optional = false
python-versions = "*"
version = "3.0.0"

[package.dependencies]
six = "*"
snowballstemmer = "*"

[[package]]
category = "dev"
description = "Pygments is a syntax highlighting package written in Python."
name = "pygments"
optional = false
python-versions = "*"
version = "2.3.1"

[[package]]
category = "dev"
description = "python code static checker"
name = "pylint"
optional = false
python-versions = ">=3.4.*"
version = "2.3.1"

[package.dependencies]
astroid = ">=2.2.0,<3"
colorama = "*"
isort = ">=4.2.5,<5"
mccabe = ">=0.6,<0.7"

[[package]]
category = "dev"
description = "Persistent/Functional/Immutable data structures"
name = "pyrsistent"
optional = false
python-versions = "*"
version = "0.14.11"

[package.dependencies]
six = "*"

[[package]]
category = "dev"
description = "pytest: simple powerful testing with Python"
name = "pytest"
optional = false
python-versions = ">=2.7, !=3.0.*, !=3.1.*, !=3.2.*, !=3.3.*"
version = "4.3.1"

[package.dependencies]
atomicwrites = ">=1.0"
attrs = ">=17.4.0"
colorama = "*"
pluggy = ">=0.7"
py = ">=1.5.0"
setuptools = "*"
six = ">=1.10.0"

[package.dependencies.more-itertools]
python = ">2.7"
version = ">=4.0.0"

[[package]]
category = "dev"
description = "Pytest plugin for measuring coverage."
name = "pytest-cov"
optional = false
python-versions = ">=2.7, !=3.0.*, !=3.1.*, !=3.2.*, !=3.3.*"
version = "2.6.1"

[package.dependencies]
coverage = ">=4.4"
pytest = ">=3.6"

[[package]]
category = "dev"
description = "Describe-style plugin for pytest"
name = "pytest-describe"
optional = false
python-versions = "*"
version = "0.12.0"

[package.dependencies]
pytest = ">=2.6.0"

[[package]]
category = "dev"
description = "Better testing with expecter and pytest."
name = "pytest-expecter"
optional = false
python-versions = "*"
version = "1.3"

[[package]]
category = "dev"
description = "Thin-wrapper around the mock package for easier use with py.test"
name = "pytest-mock"
optional = false
python-versions = ">=2.7, !=3.0.*, !=3.1.*, !=3.2.*, !=3.3.*"
version = "1.10.3"

[package.dependencies]
pytest = ">=2.7"

[[package]]
category = "dev"
description = "Profiling plugin for py.test"
name = "pytest-profiling"
optional = false
python-versions = "*"
version = "1.3.0"

[package.dependencies]
gprof2dot = "*"
pytest = "*"
six = "*"

[[package]]
category = "dev"
description = "py.test plugin to randomize tests"
name = "pytest-random"
optional = false
python-versions = "*"
version = "0.02"

[package.dependencies]
pytest = ">=2.2.3"

[[package]]
category = "dev"
description = "pytest plugin for repeating tests"
name = "pytest-repeat"
optional = false
python-versions = "*"
version = "0.8.0"

[package.dependencies]
pytest = ">=3.6"

[[package]]
category = "dev"
description = "Local continuous test runner with pytest and watchdog."
name = "pytest-watch"
optional = false
python-versions = "*"
version = "4.2.0"

[package.dependencies]
colorama = ">=0.3.3"
docopt = ">=0.4.0"
pytest = ">=2.6.4"
watchdog = ">=0.6.0"

[[package]]
category = "dev"
description = "Extensions to the standard Python datetime module"
name = "python-dateutil"
optional = false
python-versions = ">=2.7, !=3.0.*, !=3.1.*, !=3.2.*"
version = "2.8.0"

[package.dependencies]
six = ">=1.5"

[[package]]
category = "dev"
description = "Python bindings for the winpty library"
marker = "os_name == \"nt\""
name = "pywinpty"
optional = false
python-versions = "*"
version = "0.5.5"

[[package]]
category = "dev"
description = "YAML parser and emitter for Python"
name = "pyyaml"
optional = false
python-versions = "*"
version = "5.1"

[[package]]
category = "dev"
description = "Python bindings for 0MQ"
name = "pyzmq"
optional = false
python-versions = ">=2.7,!=3.0*,!=3.1*,!=3.2*"
version = "18.0.1"

[[package]]
category = "dev"
description = "Jupyter Qt console"
name = "qtconsole"
optional = false
python-versions = "*"
version = "4.4.3"

[package.dependencies]
ipykernel = ">=4.1"
ipython-genutils = "*"
jupyter-client = ">=4.1"
jupyter-core = "*"
pygments = "*"
traitlets = "*"

[[package]]
category = "dev"
description = "Python HTTP for Humans."
name = "requests"
optional = false
python-versions = ">=2.7, !=3.0.*, !=3.1.*, !=3.2.*, !=3.3.*"
version = "2.21.0"

[package.dependencies]
certifi = ">=2017.4.17"
chardet = ">=3.0.2,<3.1.0"
idna = ">=2.5,<2.9"
urllib3 = ">=1.21.1,<1.25"

[[package]]
category = "main"
description = "ruamel.yaml is a YAML parser/emitter that supports roundtrip preservation of comments, seq/map flow style, and map key order"
name = "ruamel.yaml"
optional = false
python-versions = "*"
version = "0.15.89"

[[package]]
category = "dev"
description = "Send file to trash natively under Mac OS X, Windows and Linux."
name = "send2trash"
optional = false
python-versions = "*"
version = "1.5.0"

[[package]]
category = "dev"
description = "Python 2 and 3 compatibility utilities"
name = "six"
optional = false
python-versions = ">=2.6, !=3.0.*, !=3.1.*"
version = "1.12.0"

[[package]]
category = "dev"
description = "This package provides 16 stemmer algorithms (15 + Poerter English stemmer) generated from Snowball algorithms."
name = "snowballstemmer"
optional = false
python-versions = "*"
version = "1.2.1"

[[package]]
category = "dev"
description = "Terminals served to xterm.js using Tornado websockets"
name = "terminado"
optional = false
python-versions = ">=2.7, !=3.0.*, !=3.1.*, !=3.2.*, !=3.3.*"
version = "0.8.2"

[package.dependencies]
ptyprocess = "*"
pywinpty = ">=0.5"
tornado = ">=4"

[[package]]
category = "dev"
description = "Test utilities for code working with files and commands"
name = "testpath"
optional = false
python-versions = "*"
version = "0.4.2"

[[package]]
category = "dev"
description = "Python Library for Tom's Obvious, Minimal Language"
name = "toml"
optional = false
python-versions = "*"
version = "0.10.0"

[[package]]
category = "main"
description = "Style preserving TOML library"
name = "tomlkit"
optional = false
python-versions = ">=2.7, !=3.0.*, !=3.1.*, !=3.2.*, !=3.3.*"
version = "0.5.3"

[[package]]
category = "dev"
description = "Tornado is a Python web framework and asynchronous networking library, originally developed at FriendFeed."
name = "tornado"
optional = false
python-versions = ">= 3.5"
version = "6.0.2"

[[package]]
category = "dev"
description = "Traitlets Python config system"
name = "traitlets"
optional = false
python-versions = "*"
version = "4.3.2"

[package.dependencies]
decorator = "*"
ipython-genutils = "*"
six = "*"

[[package]]
category = "dev"
description = "a fork of Python 2 and 3 ast modules with type comment support"
name = "typed-ast"
optional = false
python-versions = "*"
version = "1.3.1"

[[package]]
category = "dev"
description = "HTTP library with thread-safe connection pooling, file post, and more."
name = "urllib3"
optional = false
python-versions = ">=2.7, !=3.0.*, !=3.1.*, !=3.2.*, !=3.3.*, <4"
version = "1.24.1"

[[package]]
category = "dev"
description = "Filesystem events monitoring"
name = "watchdog"
optional = false
python-versions = "*"
version = "0.9.0"

[package.dependencies]
PyYAML = ">=3.10"
argh = ">=0.24.1"
pathtools = ">=0.1.1"

[[package]]
category = "dev"
description = "Measures number of Terminal column cells of wide-character codes"
name = "wcwidth"
optional = false
python-versions = "*"
version = "0.1.7"

[[package]]
category = "dev"
description = "Character encoding aliases for legacy web content"
name = "webencodings"
optional = false
python-versions = "*"
version = "0.5.1"

[[package]]
category = "dev"
description = "IPython HTML widgets for Jupyter"
name = "widgetsnbextension"
optional = false
python-versions = "*"
version = "3.4.2"

[package.dependencies]
notebook = ">=4.4.1"

[[package]]
category = "dev"
description = "Module for decorators, wrappers and monkey patching."
name = "wrapt"
optional = false
python-versions = "*"
version = "1.11.1"

[metadata]
content-hash = "9bc530fda4e68ee95fb8595b0a7e60d4bf59c1db84019b74b83a94d3af514bae"
python-versions = "^3.7"

[metadata.hashes]
appdirs = ["9e5896d1372858f8dd3344faf4e5014d21849c756c8d5701f78f8a103b372d92", "d8b24664561d0d34ddfaec54636d502d7cea6e29c3eaf68f3df6180863e2166e"]
appnope = ["5b26757dc6f79a3b7dc9fab95359328d5747fcb2409d331ea66d0272b90ab2a0", "8b995ffe925347a2138d7ac0fe77155e4311a0ea6d6da4f5128fe4b3cbe5ed71"]
argh = ["a9b3aaa1904eeb78e32394cd46c6f37ac0fb4af6dc488daa58971bdc7d7fcaf3", "e9535b8c84dc9571a48999094fda7f33e63c3f1b74f3e5f3ac0105a58405bb65"]
astroid = ["6560e1e1749f68c64a4b5dee4e091fce798d2f0d84ebe638cf0e0585a343acf4", "b65db1bbaac9f9f4d190199bb8680af6f6f84fd3769a5ea883df8a91fe68b4c4"]
atomicwrites = ["03472c30eb2c5d1ba9227e4c2ca66ab8287fbfbbda3888aa93dc2e28fc6811b4", "75a9445bac02d8d058d5e1fe689654ba5a6556a1dfd8ce6ec55a0ed79866cfa6"]
attrs = ["69c0dbf2ed392de1cb5ec704444b08a5ef81680a61cb899dc08127123af36a79", "f0b870f674851ecbfbbbd364d6b5cbdff9dcedbc7f3f5e18a6891057f21fe399"]
backcall = ["38ecd85be2c1e78f77fd91700c76e14667dc21e2713b63876c0eb901196e01e4", "bbbf4b1e5cd2bdb08f915895b51081c041bac22394fdfcfdfbe9f14b77c08bf2"]
"backports.shutil-get-terminal-size" = ["0975ba55054c15e346944b38956a4c9cbee9009391e41b86c68990effb8c1f64", "713e7a8228ae80341c70586d1cc0a8caa5207346927e23d09dcbcaf18eadec80"]
black = ["09a9dcb7c46ed496a9850b76e4e825d6049ecd38b611f1224857a79bd985a8cf", "68950ffd4d9169716bcb8719a56c07a2f4485354fec061cdd5910aa07369731c"]
bleach = ["213336e49e102af26d9cde77dd2d0397afabc5a6bf2fed985dc35b5d1e285a16", "3fdf7f77adcf649c9911387df51254b813185e32b2c6619f690b593a617e19fa"]
cached-property = ["3a026f1a54135677e7da5ce819b0c690f156f37976f3e30c5430740725203d7f", "9217a59f14a5682da7c4b8829deadbfc194ac22e9908ccf7c8820234e80a1504"]
certifi = ["59b7658e26ca9c7339e00f8f4636cdfe59d34fa37b9b04f6f9e9926b3cece1a5", "b26104d6835d1f5e49452a26eb2ff87fe7090b89dfcaee5ea2212697e1e1d7ae"]
chardet = ["84ab92ed1c4d4f16916e05906b6b75a6c0fb5db821cc65e70cbd64a3e2a5eaae", "fc323ffcaeaed0e0a02bf4d117757b98aed530d9ed4531e3e15460124c106691"]
classproperties = ["97d627d11df056838a9426ff15be71a5a365bca456afba8122740c39c527d5b4"]
click = ["2335065e6395b9e67ca716de5f7526736bfa6ceead690adf616d925bdc622b13", "5b94b49521f6456670fdb30cd82a4eca9412788a93fa6dd6df72c94d5a8ff2d7"]
colorama = ["463f8483208e921368c9f306094eb6f725c6ca42b0f97e313cb5d5512459feda", "48eb22f4f8461b1df5734a074b57042430fb06e1d61bd1e11b078c0fe6d7a1f1"]
coverage = ["0c5fe441b9cfdab64719f24e9684502a59432df7570521563d7b1aff27ac755f", "2b412abc4c7d6e019ce7c27cbc229783035eef6d5401695dccba80f481be4eb3", "3684fabf6b87a369017756b551cef29e505cb155ddb892a7a29277b978da88b9", "39e088da9b284f1bd17c750ac672103779f7954ce6125fd4382134ac8d152d74", "3c205bc11cc4fcc57b761c2da73b9b72a59f8d5ca89979afb0c1c6f9e53c7390", "42692db854d13c6c5e9541b6ffe0fe921fe16c9c446358d642ccae1462582d3b", "465ce53a8c0f3a7950dfb836438442f833cf6663d407f37d8c52fe7b6e56d7e8", "48020e343fc40f72a442c8a1334284620f81295256a6b6ca6d8aa1350c763bbe", "4ec30ade438d1711562f3786bea33a9da6107414aed60a5daa974d50a8c2c351", "5296fc86ab612ec12394565c500b412a43b328b3907c0d14358950d06fd83baf", "5f61bed2f7d9b6a9ab935150a6b23d7f84b8055524e7be7715b6513f3328138e", "6899797ac384b239ce1926f3cb86ffc19996f6fa3a1efbb23cb49e0c12d8c18c", "68a43a9f9f83693ce0414d17e019daee7ab3f7113a70c79a3dd4c2f704e4d741", "6b8033d47fe22506856fe450470ccb1d8ba1ffb8463494a15cfc96392a288c09", "7ad7536066b28863e5835e8cfeaa794b7fe352d99a8cded9f43d1161be8e9fbd", "7bacb89ccf4bedb30b277e96e4cc68cd1369ca6841bde7b005191b54d3dd1034", "839dc7c36501254e14331bcb98b27002aa415e4af7ea039d9009409b9d2d5420", "8e679d1bde5e2de4a909efb071f14b472a678b788904440779d2c449c0355b27", "8f9a95b66969cdea53ec992ecea5406c5bd99c9221f539bca1e8406b200ae98c", "932c03d2d565f75961ba1d3cec41ddde00e162c5b46d03f7423edcb807734eab", "93f965415cc51604f571e491f280cff0f5be35895b4eb5e55b47ae90c02a497b", "988529edadc49039d205e0aa6ce049c5ccda4acb2d6c3c5c550c17e8c02c05ba", "998d7e73548fe395eeb294495a04d38942edb66d1fa61eb70418871bc621227e", "9de60893fb447d1e797f6bf08fdf0dbcda0c1e34c1b06c92bd3a363c0ea8c609", "9e80d45d0c7fcee54e22771db7f1b0b126fb4a6c0a2e5afa72f66827207ff2f2", "a545a3dfe5082dc8e8c3eb7f8a2cf4f2870902ff1860bd99b6198cfd1f9d1f49", "a5d8f29e5ec661143621a8f4de51adfb300d7a476224156a39a392254f70687b", "a9abc8c480e103dc05d9b332c6cc9fb1586330356fc14f1aa9c0ca5745097d19", "aca06bfba4759bbdb09bf52ebb15ae20268ee1f6747417837926fae990ebc41d", "bb23b7a6fd666e551a3094ab896a57809e010059540ad20acbeec03a154224ce", "bfd1d0ae7e292105f29d7deaa9d8f2916ed8553ab9d5f39ec65bcf5deadff3f9", "c22ab9f96cbaff05c6a84e20ec856383d27eae09e511d3e6ac4479489195861d", "c62ca0a38958f541a73cf86acdab020c2091631c137bd359c4f5bddde7b75fd4", "c709d8bda72cf4cd348ccec2a4881f2c5848fd72903c185f363d361b2737f773", "c968a6aa7e0b56ecbd28531ddf439c2ec103610d3e2bf3b75b813304f8cb7723", "ca58eba39c68010d7e87a823f22a081b5290e3e3c64714aac3c91481d8b34d22", "df785d8cb80539d0b55fd47183264b7002077859028dfe3070cf6359bf8b2d9c", "f406628ca51e0ae90ae76ea8398677a921b36f0bd71aab2099dfed08abd0322f", "f46087bbd95ebae244a0eda01a618aff11ec7a069b15a3ef8f6b520db523dcf1", "f8019c5279eb32360ca03e9fac40a12667715546eed5c5eb59eb381f2f501260", "fc5f4d209733750afd2714e9109816a29500718b32dd9a5db01c0cb3a019b96a"]
coveragespace = ["498b54ec158a19e1f5647da681dc77fd9d17df11ecff1253d60ac7970209f6e5", "7c5ce4641e0f995b9be0e8b53401fd7b6d17db1b8c23bfd06f0c845ad0de5b5f"]
decorator = ["86156361c50488b84a3f148056ea716ca587df2f0de1d34750d35c21312725de", "f069f3a01830ca754ba5258fde2278454a0b5b79e0d7f5c13b3b97e57d4acff6"]
defusedxml = ["24d7f2f94f7f3cb6061acb215685e5125fbcdc40a857eff9de22518820b0a4f4", "702a91ade2968a82beb0db1e0766a6a273f33d4616a6ce8cde475d8e09853b20"]
docopt = ["49b3a825280bd66b3aa83585ef59c4a8c82f2c8a522dbe754a8bc8d08c85c491"]
entrypoints = ["589f874b313739ad35be6e0cd7efde2a4e9b6fea91edcc34e58ecbb8dbe56d19", "c70dd71abe5a8c85e55e12c19bd91ccfeec11a6e99044204511f9ed547d48451"]
gprof2dot = ["cebc7aa2782fd813ead415ea1fae3409524343485eadc7fb60ef5bd1e810309e"]
idna = ["c357b3f628cf53ae2c4c05627ecc484553142ca23264e593d327bcde5e9c3407", "ea8b7f6188e6fa117537c3df7da9fc686d485087abf6ac197f9c46432f7e4a3c"]
ipykernel = ["0aeb7ec277ac42cc2b59ae3d08b10909b2ec161dc6908096210527162b53675d", "0fc0bf97920d454102168ec2008620066878848fcfca06c22b669696212e292f"]
ipython = ["b038baa489c38f6d853a3cfc4c635b0cda66f2864d136fe8f40c1a6e334e2a6b", "f5102c1cd67e399ec8ea66bcebe6e3968ea25a8977e53f012963e5affeb1fe38"]
ipython-genutils = ["72dd37233799e619666c9f639a9da83c34013a73e8bbc79a7a6348d93c61fab8", "eb2e116e75ecef9d4d228fdc66af54269afa26ab4463042e33785b887c628ba8"]
ipywidgets = ["0f2b5cde9f272cb49d52f3f0889fdd1a7ae1e74f37b48dac35a83152780d2b7b", "a3e224f430163f767047ab9a042fc55adbcab0c24bbe6cf9f306c4f89fdf0ba3"]
isort = ["1153601da39a25b14ddc54955dbbacbb6b2d19135386699e2ad58517953b34af", "b9c40e9750f3d77e6e4d441d8b0266cf555e7cdabdcff33c4fd06366ca761ef8", "ec9ef8f4a9bc6f71eec99e1806bfa2de401650d996c59330782b89a5555c1497"]
jedi = ["2bb0603e3506f708e792c7f4ad8fc2a7a9d9c2d292a358fbbd58da531695595b", "2c6bcd9545c7d6440951b12b44d373479bf18123a401a52025cf98563fbd826c"]
jinja2 = ["74c935a1b8bb9a3947c50a54766a969d4846290e1e788ea44c1392163723c3bd", "f84be1bb0040caca4cea721fcbbbbd61f9be9464ca236387158b0feea01914a4"]
jsonschema = ["0c0a81564f181de3212efa2d17de1910f8732fa1b71c42266d983cd74304e20d", "a5f6559964a3851f59040d3b961de5e68e70971afb88ba519d27e6a039efff1a"]
jupyter = ["3e1f86076bbb7c8c207829390305a2b1fe836d471ed54be66a3b8c41e7f46cc7", "5b290f93b98ffbc21c0c7e749f054b3267782166d72fa5e3ed1ed4eaf34a2b78", "d9dc4b3318f310e34c82951ea5d6683f67bed7def4b259fafbfe4f1beb1d8e5f"]
jupyter-client = ["b5f9cb06105c1d2d30719db5ffb3ea67da60919fb68deaefa583deccd8813551", "c44411eb1463ed77548bc2d5ec0d744c9b81c4a542d9637c7a52824e2121b987"]
jupyter-console = ["308ce876354924fb6c540b41d5d6d08acfc946984bf0c97777c1ddcb42e0b2f5", "cc80a97a5c389cbd30252ffb5ce7cefd4b66bde98219edd16bf5cb6f84bb3568"]
jupyter-core = ["927d713ffa616ea11972534411544589976b2493fc7e09ad946e010aa7eb9970", "ba70754aa680300306c699790128f6fbd8c306ee5927976cbe48adacf240c0b7"]
lazy-object-proxy = ["0ce34342b419bd8f018e6666bfef729aec3edf62345a53b537a4dcc115746a33", "1b668120716eb7ee21d8a38815e5eb3bb8211117d9a90b0f8e21722c0758cc39", "209615b0fe4624d79e50220ce3310ca1a9445fd8e6d3572a896e7f9146bbf019", "27bf62cb2b1a2068d443ff7097ee33393f8483b570b475db8ebf7e1cba64f088", "27ea6fd1c02dcc78172a82fc37fcc0992a94e4cecf53cb6d73f11749825bd98b", "2c1b21b44ac9beb0fc848d3993924147ba45c4ebc24be19825e57aabbe74a99e", "2df72ab12046a3496a92476020a1a0abf78b2a7db9ff4dc2036b8dd980203ae6", "320ffd3de9699d3892048baee45ebfbbf9388a7d65d832d7e580243ade426d2b", "50e3b9a464d5d08cc5227413db0d1c4707b6172e4d4d915c1c70e4de0bbff1f5", "5276db7ff62bb7b52f77f1f51ed58850e315154249aceb42e7f4c611f0f847ff", "61a6cf00dcb1a7f0c773ed4acc509cb636af2d6337a08f362413c76b2b47a8dd", "6ae6c4cb59f199d8827c5a07546b2ab7e85d262acaccaacd49b62f53f7c456f7", "7661d401d60d8bf15bb5da39e4dd72f5d764c5aff5a86ef52a042506e3e970ff", "7bd527f36a605c914efca5d3d014170b2cb184723e423d26b1fb2fd9108e264d", "7cb54db3535c8686ea12e9535eb087d32421184eacc6939ef15ef50f83a5e7e2", "7f3a2d740291f7f2c111d86a1c4851b70fb000a6c8883a59660d95ad57b9df35", "81304b7d8e9c824d058087dcb89144842c8e0dea6d281c031f59f0acf66963d4", "933947e8b4fbe617a51528b09851685138b49d511af0b6c0da2539115d6d4514", "94223d7f060301b3a8c09c9b3bc3294b56b2188e7d8179c762a1cda72c979252", "ab3ca49afcb47058393b0122428358d2fbe0408cf99f1b58b295cfeb4ed39109", "bd6292f565ca46dee4e737ebcc20742e3b5be2b01556dafe169f6c65d088875f", "cb924aa3e4a3fb644d0c463cad5bc2572649a6a3f68a7f8e4fbe44aaa6d77e4c", "d0fc7a286feac9077ec52a927fc9fe8fe2fabab95426722be4c953c9a8bede92", "ddc34786490a6e4ec0a855d401034cbd1242ef186c20d79d2166d6a4bd449577", "e34b155e36fa9da7e1b7c738ed7767fc9491a62ec6af70fe9da4a057759edc2d", "e5b9e8f6bda48460b7b143c3821b21b452cb3a835e6bbd5dd33aa0c8d3f5137d", "e81ebf6c5ee9684be8f2c87563880f93eedd56dd2b6146d8a725b50b7e5adb0f", "eb91be369f945f10d3a49f5f9be8b3d0b93a4c2be8f8a5b83b0571b8123e0a7a", "f460d1ceb0e4a5dcb2a652db0904224f367c9b3c1470d5a7683c0480e582468b"]
livereload = ["29cadfabcedd12eed792e0131991235b9d4764d4474bed75cf525f57109ec0a2", "e632a6cd1d349155c1d7f13a65be873b38f43ef02961804a1bba8d817fa649a7"]
markdown = ["fc4a6f69a656b8d858d7503bda633f4dd63c2d70cf80abdc6eafa64c4ae8c250", "fe463ff51e679377e3624984c829022e2cfb3be5518726b06f608a07a3aad680"]
markupsafe = ["00bc623926325b26bb9605ae9eae8a215691f33cae5df11ca5424f06f2d1f473", "09027a7803a62ca78792ad89403b1b7a73a01c8cb65909cd876f7fcebd79b161", "09c4b7f37d6c648cb13f9230d847adf22f8171b1ccc4d5682398e77f40309235", "1027c282dad077d0bae18be6794e6b6b8c91d58ed8a8d89a89d59693b9131db5", "24982cc2533820871eba85ba648cd53d8623687ff11cbb805be4ff7b4c971aff", "29872e92839765e546828bb7754a68c418d927cd064fd4708fab9fe9c8bb116b", "43a55c2930bbc139570ac2452adf3d70cdbb3cfe5912c71cdce1c2c6bbd9c5d1", "46c99d2de99945ec5cb54f23c8cd5689f6d7177305ebff350a58ce5f8de1669e", "500d4957e52ddc3351cabf489e79c91c17f6e0899158447047588650b5e69183", "535f6fc4d397c1563d08b88e485c3496cf5784e927af890fb3c3aac7f933ec66", "62fe6c95e3ec8a7fad637b7f3d372c15ec1caa01ab47926cfdf7a75b40e0eac1", "6dd73240d2af64df90aa7c4e7481e23825ea70af4b4922f8ede5b9e35f78a3b1", "717ba8fe3ae9cc0006d7c451f0bb265ee07739daf76355d06366154ee68d221e", "79855e1c5b8da654cf486b830bd42c06e8780cea587384cf6545b7d9ac013a0b", "7c1699dfe0cf8ff607dbdcc1e9b9af1755371f92a68f706051cc8c37d447c905", "88e5fcfb52ee7b911e8bb6d6aa2fd21fbecc674eadd44118a9cc3863f938e735", "8defac2f2ccd6805ebf65f5eeb132adcf2ab57aa11fdf4c0dd5169a004710e7d", "98c7086708b163d425c67c7a91bad6e466bb99d797aa64f965e9d25c12111a5e", "9add70b36c5666a2ed02b43b335fe19002ee5235efd4b8a89bfcf9005bebac0d", "9bf40443012702a1d2070043cb6291650a0841ece432556f784f004937f0f32c", "ade5e387d2ad0d7ebf59146cc00c8044acbd863725f887353a10df825fc8ae21", "b00c1de48212e4cc9603895652c5c410df699856a2853135b3967591e4beebc2", "b1282f8c00509d99fef04d8ba936b156d419be841854fe901d8ae224c59f0be5", "b2051432115498d3562c084a49bba65d97cf251f5a331c64a12ee7e04dacc51b", "ba59edeaa2fc6114428f1637ffff42da1e311e29382d81b339c1817d37ec93c6", "c8716a48d94b06bb3b2524c2b77e055fb313aeb4ea620c8dd03a105574ba704f", "cd5df75523866410809ca100dc9681e301e3c27567cf498077e8551b6d20e42f", "e249096428b3ae81b08327a63a485ad0878de3fb939049038579ac0ef61e17e7"]
mccabe = ["ab8a6258860da4b6677da4bd2fe5dc2c659cff31b3ee4f7f5d64e79735b80d42", "dd8d182285a0fe56bace7f45b5e7d1a6ebcbf524e8f3bd87eb0f125271b8831f"]
minilog = ["226f7c40f9857ef1d86e659b27720476699045b9e619846fed8e5f378407bee7", "d6b1f769bf548e7c9a8223eb008514dbc5f9b4764fec3e132bed0d585bb1b6e8"]
mistune = ["59a3429db53c50b5c6bcc8a07f8848cb00d7dc8bdb431a4ab41920d201d4756e", "88a1051873018da288eee8538d476dffe1262495144b33ecb586c4ab266bb8d4"]
mkdocs = ["17d34329aad75d5de604b9ed4e31df3a4d235afefdc46ce7b1964fddb2e1e939", "8cc8b38325456b9e942c981a209eaeb1e9f3f77b493ad755bfef889b9c8d356a"]
more-itertools = ["2112d2ca570bb7c3e53ea1a35cd5df42bb0fd10c45f0fb97178679c3c03d64c7", "c3e4748ba1aad8dba30a4886b0b1a2004f9a863837b8654e7059eebf727afa5a"]
mypy = ["308c274eb8482fbf16006f549137ddc0d69e5a589465e37b99c4564414363ca7", "e80fd6af34614a0e898a57f14296d0dacb584648f0339c2e000ddbf0f4cc2f8d"]
mypy-extensions = ["37e0e956f41369209a3d5f34580150bcacfabaa57b33a15c0b25f4b5725e0812", "b16cabe759f55e3409a7d231ebd2841378fb0c27a5d1994719e340e4f429ac3e"]
nbconvert = ["302554a2e219bc0fc84f3edd3e79953f3767b46ab67626fdec16e38ba3f7efe4", "5de8fb2284422272a1d45abc77c07b888127550a6d602ce619592a2b08a474ff"]
nbformat = ["b9a0dbdbd45bb034f4f8893cafd6f652ea08c8c1674ba83f2dc55d3955743b0b", "f7494ef0df60766b7cabe0a3651556345a963b74dbc16bc7c18479041170d402"]
notebook = ["19df5755bc21bb1f711e6415f6f620bf7c71cb6c8318a25bc151fe31bdfe4047", "76758631f037ec09afb56b75e20a0502ca3a8c5d3a61d675d4b9bd5c84c7ce7f"]
pandocfilters = ["b3dd70e169bb5449e6bc6ff96aea89c5eea8c5f6ab5e207fc2f521a2cf4a0da9"]
parso = ["4580328ae3f548b358f4901e38c0578229186835f0fa0846e47369796dd5bcc9", "68406ebd7eafe17f8e40e15a84b56848eccbf27d7c1feb89e93d8fca395706db"]
pathtools = ["7c35c5421a39bb82e58018febd90e3b6e5db34c5443aaaf742b3f33d4655f1c0"]
pexpect = ["2a8e88259839571d1251d278476f3eec5db26deb73a70be5ed5dc5435e418aba", "3fbd41d4caf27fa4a377bfd16fef87271099463e6fa73e92a52f92dfee5d425b"]
pickleshare = ["87683d47965c1da65cdacaf31c8441d12b8044cdec9aca500cd78fc2c683afca", "9649af414d74d4df115d5d718f82acb59c9d418196b7b4290ed47a12ce62df56"]
pluggy = ["19ecf9ce9db2fce065a7a0586e07cfb4ac8614fe96edf628a264b1c70116cf8f", "84d306a647cc805219916e62aab89caa97a33a1dd8c342e87a37f91073cd4746"]
prometheus-client = ["1b38b958750f66f208bcd9ab92a633c0c994d8859c831f7abc1f46724fcee490"]
prompt-toolkit = ["11adf3389a996a6d45cc277580d0d53e8a5afd281d0c9ec71b28e6f121463780", "2519ad1d8038fd5fc8e770362237ad0364d16a7650fb5724af6997ed5515e3c1", "977c6583ae813a37dc1c2e1b715892461fcbdaa57f6fc62f33a528c4886c8f55"]
ptyprocess = ["923f299cc5ad920c68f2bc0bc98b75b9f838b93b599941a6b63ddbc2476394c0", "d7cc528d76e76342423ca640335bd3633420dc1366f258cb31d05e865ef5ca1f"]
py = ["64f65755aee5b381cea27766a3a147c3f15b9b6b9ac88676de66ba2ae36793fa", "dc639b046a6e2cff5bbe40194ad65936d6ba360b52b3c3fe1d08a82dd50b5e53"]
pydocstyle = ["2258f9b0df68b97bf3a6c29003edc5238ff8879f1efb6f1999988d934e432bd8", "5741c85e408f9e0ddf873611085e819b809fca90b619f5fd7f34bd4959da3dd4", "ed79d4ec5e92655eccc21eb0c6cf512e69512b4a97d215ace46d17e4990f2039"]
pygments = ["5ffada19f6203563680669ee7f53b64dabbeb100eb51b61996085e99c03b284a", "e8218dd399a61674745138520d0d4cf2621d7e032439341bc3f647bff125818d"]
pylint = ["5d77031694a5fb97ea95e828c8d10fc770a1df6eb3906067aaed42201a8a6a09", "723e3db49555abaf9bf79dc474c6b9e2935ad82230b10c1138a71ea41ac0fff1"]
pyrsistent = ["3ca82748918eb65e2d89f222b702277099aca77e34843c5eb9d52451173970e2"]
pytest = ["592eaa2c33fae68c7d75aacf042efc9f77b27c08a6224a4f59beab8d9a420523", "ad3ad5c450284819ecde191a654c09b0ec72257a2c711b9633d677c71c9850c4"]
pytest-cov = ["0ab664b25c6aa9716cbf203b17ddb301932383046082c081b9848a0edf5add33", "230ef817450ab0699c6cc3c9c8f7a829c34674456f2ed8df1fe1d39780f7c87f"]
pytest-describe = ["569bda96401fe512f4f345f33fd23fa4d718639d42afac62bc03254b5f2b3fdf"]
pytest-expecter = ["1c8e9ab98ddd576436b61a7ba61ea11cfa5a3fc6b00288ce9e91e9dd770daf19", "27c93dfe87e2f4d28c525031be68d3f89457e3315241d97ee15f7689544e0e37"]
pytest-mock = ["330bfa1a71c9b6e84e2976f01d70d8a174f755e7f9dc5b22f4b7335992e1e98b", "cea3983a1ebc88bf7c0fa1ed8c84e67b898bf71a320a49605bcb74f31e6cfd6a"]
pytest-profiling = ["02545575fad9953de0181e697adaa6567d9de2106aa1e314263b6dd7a9f17dd3", "6b86a2e547bf1a70610da6568d91ed3e785d15a12151abebdd5e885fba532523", "ce222a8682b893467b95e48e8cfe7372cf1afd213ffe558c023fd3591ebdadd8"]
pytest-random = ["92f25db8c5d9ffc20d90b51997b914372d6955cb9cf1f6ead45b90514fc0eddd"]
pytest-repeat = ["52bc413ab1a772e72c953a5592196ddd266fd2e76280eaac0c2a8378e9ac6dd9", "f506cf5b3306cc4308c4a76f6d8988a9f61c1c2609d48ad422e26a8e37ae50c4"]
pytest-watch = ["06136f03d5b361718b8d0d234042f7b2f203910d8568f63df2f866b547b3d4b9"]
python-dateutil = ["7e6584c74aeed623791615e26efd690f29817a27c73085b78e4bad02493df2fb", "c89805f6f4d64db21ed966fda138f8a5ed7a4fdbc1a8ee329ce1b74e3c74da9e"]
pywinpty = ["0e01321e53a230233358a6d608a1a8bc86c3882cf82769ba3c62ca387dc9cc51", "333e0bc5fca8ad9e9a1516ebedb2a65da38dc1f399f8b2ea57d6cccec1ff2cc8", "3ca3123aa6340ab31bbf9bd012b92e72f9ec905e4c9ee152cc997403e1778cd3", "44a6dddcf2abf402e22f87e2c9a341f7d0b296afbec3d28184c8de4d7f514ee4", "53d94d574c3d4da2df5b1c3ae728b8d90e4d33502b0388576bbd4ddeb4de0f77", "c3955f162c53dde968f3fc11361658f1d83b683bfe601d4b6f94bb01ea4300bc", "cec9894ecb34de3d7b1ca121dd98433035b9f8949b5095e84b103b349231509c", "dcd45912e2fe2e6f72cee997a4da6ed1ad2056165a277ce5ec7f7ac98dcdf667", "f2bcdd9a2ffd8b223752a971b3d377fb7bfed85f140ec9710f1218d760f2ccb7"]
pyyaml = ["1adecc22f88d38052fb787d959f003811ca858b799590a5eaa70e63dca50308c", "436bc774ecf7c103814098159fbb84c2715d25980175292c648f2da143909f95", "460a5a4248763f6f37ea225d19d5c205677d8d525f6a83357ca622ed541830c2", "5a22a9c84653debfbf198d02fe592c176ea548cccce47553f35f466e15cf2fd4", "7a5d3f26b89d688db27822343dfa25c599627bc92093e788956372285c6298ad", "9372b04a02080752d9e6f990179a4ab840227c6e2ce15b95e1278456664cf2ba", "a5dcbebee834eaddf3fa7366316b880ff4062e4bcc9787b78c7fbb4a26ff2dd1", "aee5bab92a176e7cd034e57f46e9df9a9862a71f8f37cad167c6fc74c65f5b4e", "c51f642898c0bacd335fc119da60baae0824f2cde95b0330b56c0553439f0673", "c68ea4d3ba1705da1e0d85da6684ac657912679a649e8868bd850d2c299cce13", "e23d0cc5299223dcc37885dae624f382297717e459ea24053709675a976a3e19"]
pyzmq = ["1651e52ed91f0736afd6d94ef9f3259b5534ce8beddb054f3d5ca989c4ef7c4f", "5ccb9b3d4cd20c000a9b75689d5add8cd3bce67fcbd0f8ae1b59345247d803af", "5e120c4cd3872e332fb35d255ad5998ebcee32ace4387b1b337416b6b90436c7", "5e2a3707c69a7281a9957f83718815fd74698cba31f6d69f9ed359921f662221", "63d51add9af8d0442dc90f916baf98fdc04e3b0a32afec4bfc83f8d85e72959f", "65c5a0bdc49e20f7d6b03a661f71e2fda7a99c51270cafe71598146d09810d0d", "66828fabe911aa545d919028441a585edb7c9c77969a5fea6722ef6e6ece38ab", "7d79427e82d9dad6e9b47c0b3e7ae5f9d489b1601e3a36ea629bb49501a4daf3", "824ee5d3078c4eae737ffc500fbf32f2b14e6ec89b26b435b7834febd70120cf", "89dc0a83cccec19ff3c62c091e43e66e0183d1e6b4658c16ee4e659518131494", "8b319805f6f7c907b101c864c3ca6cefc9db8ce0791356f180b1b644c7347e4c", "90facfb379ab47f94b19519c1ecc8ec8d10813b69d9c163117944948bdec5d15", "a0a178c7420021fc0730180a914a4b4b3092ce9696ceb8e72d0f60f8ce1655dd", "a7a89591ae315baccb8072f216614b3e59aed7385aef4393a6c741783d6ee9cf", "ba2578f0ae582452c02ed9fac2dc477b08e80ce05d2c0885becf5fff6651ccb0", "c69b0055c55702f5b0b6b354133e8325b9a56dbc80e1be2d240bead253fb9825", "ca434e1858fe222380221ddeb81e86f45522773344c9da63c311d17161df5e06", "d4b8ecfc3d92f114f04d5c40f60a65e5196198b827503341521dda12d8b14939", "d706025c47b09a54f005953ebe206f6d07a22516776faa4f509aaff681cc5468", "d8f27e958f8a2c0c8ffd4d8855c3ce8ac3fa1e105f0491ce31729aa2b3229740", "dbd264298f76b9060ce537008eb989317ca787c857e23cbd1b3ddf89f190a9b1", "e926d66f0df8fdbf03ba20583af0f215e475c667fb033d45fd031c66c63e34c9", "efc3bd48237f973a749f7312f68062f1b4ca5c2032a0673ca3ea8e46aa77187b", "f59bc782228777cbfe04555707a9c56d269c787ed25d6d28ed9d0fbb41cb1ad2", "f8da5322f4ff5f667a0d5a27e871b560c6637153c81e318b35cb012b2a98835c"]
qtconsole = ["1ac4a65e81a27b0838330a6d351c2f8435d4013d98a95373e8a41119b2968390", "bc1ba15f50c29ed50f1268ad823bb6543be263c18dd093b80495e9df63b003ac"]
requests = ["502a824f31acdacb3a35b6690b5fbf0bc41d63a24a45c4004352b0242707598e", "7bf2a778576d825600030a110f3c0e3e8edc51dfaafe1c146e39a2027784957b"]
"ruamel.yaml" = ["0ae64b150ec39667ce2815227271207d27a6218bc501b73e70a7403f2cf987ee", "0e6aa488ec65fcaf7cca609d83a2b0e13d429a6080dd6ef3fd89dcbf67f13c1d", "1085219e373381c8a4ac911be2f167d2c67485af82199db0abee11cfe06283d5", "181aeecf6d037e34c325c191b0a14188921964dd02c34a4d01bf7881060c22d0", "1bafe5773c559ef8e06d53f35bfcaad0510ef069db8b3fb50bf9816b3c531633", "20bc4549b86f7e5a558c06e51c97821d8b7658d4b01d3e21713a53db6f45779a", "325b5b1df1b29ecaaa3dab6745ee0a35d51e58aa19b90cab8ba11c498d438cb7", "3e89d657a11fee61120d304efcab92409ea4a21c9629626cbb7aabbac7b713d9", "551142c578813ee25e4952dda820701f0201d0292e8807e8fb5490d19bab8181", "6d8bf658b64ebeccb67bccccd01833cdbe5369c1436365d41052d23e5cbf716f", "76aadb21b3186599057c8874104c8467270307e12faed124dc5ee1cfcd4e240f", "86d034aa9e2ab3eacc5f75f5cd6a469a2af533b6d9e60ea92edbba540d21b9b7", "aa4bfa597c58f2efcae98add337ada85ded45288936a15ddc2d29ff3f5ce3ddf", "b76a4cf08e9392765cf6a25eae63a12fb27c6cc4a8ee5416a49cd54627151f46", "bd9976f13d14f6cb6da1748c7678198b6f9346cbbe0ad18eb74c024a7a2c0d08", "c3c1af293b9e6a84b5da3954f4ae81b30d07a626717cfb6f099ffe0901ff1eac", "c64ae6da2da174fce281a088d7634c6e545db5fb989a3cecec2aa9cef2634a92", "ca742877ea6948cb80c70aaf5d76011694eb072d98264a704b04ffc2d4c0d440", "cfefc391d5a3a7e8b1c6195f364d2f11f898f07eef277ef8e93a4e3ccafbd7c2", "f004249eb8b873c4f48361dc814450e47dab53b5312334cff0a9d381a4589f03", "fc6a2b2f4453944ab8bbe4d6d2eba0c864c098baa8487b08e4340a93a1f811c7", "fffc4dd4097451c0ae1c6cb89bbff1a8248fda6366adb08d1c7bbc4ea2e6a637"]
send2trash = ["60001cc07d707fe247c94f74ca6ac0d3255aabcb930529690897ca2a39db28b2", "f1691922577b6fa12821234aeb57599d887c4900b9ca537948d2dac34aea888b"]
six = ["3350809f0555b11f552448330d0b52d5f24c91a322ea4a15ef22629740f3761c", "d16a0141ec1a18405cd4ce8b4613101da75da0e9a7aec5bdd4fa804d0e0eba73"]
snowballstemmer = ["919f26a68b2c17a7634da993d91339e288964f93c274f1343e3bbbe2096e1128", "9f3bcd3c401c3e862ec0ebe6d2c069ebc012ce142cce209c098ccb5b09136e89"]
terminado = ["d9d012de63acb8223ac969c17c3043337c2fcfd28f3aea1ee429b345d01ef460", "de08e141f83c3a0798b050ecb097ab6259c3f0331b2f7b7750c9075ced2c20c2"]
testpath = ["46c89ebb683f473ffe2aab0ed9f12581d4d078308a3cb3765d79c6b2317b0109", "b694b3d9288dbd81685c5d2e7140b81365d46c29f5db4bc659de5aa6b98780f8"]
toml = ["229f81c57791a41d65e399fc06bf0848bab550a9dfd5ed66df18ce5f05e73d5c", "235682dd292d5899d361a811df37e04a8828a5b1da3115886b73cf81ebc9100e", "f1db651f9657708513243e61e6cc67d101a39bad662eaa9b5546f789338e07a3"]
tomlkit = ["d6506342615d051bc961f70bfcfa3d29b6616cc08a3ddfd4bc24196f16fd4ec2", "f077456d35303e7908cc233b340f71e0bec96f63429997f38ca9272b7d64029e"]
tornado = ["1174dcb84d08887b55defb2cda1986faeeea715fff189ef3dc44cce99f5fca6b", "2613fab506bd2aedb3722c8c64c17f8f74f4070afed6eea17f20b2115e445aec", "44b82bc1146a24e5b9853d04c142576b4e8fa7a92f2e30bc364a85d1f75c4de2", "457fcbee4df737d2defc181b9073758d73f54a6cfc1f280533ff48831b39f4a8", "49603e1a6e24104961497ad0c07c799aec1caac7400a6762b687e74c8206677d", "8c2f40b99a8153893793559919a355d7b74649a11e59f411b0b0a1793e160bc0", "e1d897889c3b5a829426b7d52828fb37b28bc181cd598624e65c8be40ee3f7fa"]
traitlets = ["9c4bd2d267b7153df9152698efb1050a5d84982d3384a37b2c1f7723ba3e7835", "c6cb5e6f57c5a9bdaa40fa71ce7b4af30298fbab9ece9815b5d995ab6217c7d9"]
typed-ast = ["035a54ede6ce1380599b2ce57844c6554666522e376bd111eb940fbc7c3dad23", "037c35f2741ce3a9ac0d55abfcd119133cbd821fffa4461397718287092d9d15", "049feae7e9f180b64efacbdc36b3af64a00393a47be22fa9cb6794e68d4e73d3", "19228f7940beafc1ba21a6e8e070e0b0bfd1457902a3a81709762b8b9039b88d", "2ea681e91e3550a30c2265d2916f40a5f5d89b59469a20f3bad7d07adee0f7a6", "3a6b0a78af298d82323660df5497bcea0f0a4a25a0b003afd0ce5af049bd1f60", "5385da8f3b801014504df0852bf83524599df890387a3c2b17b7caa3d78b1773", "606d8afa07eef77280c2bf84335e24390055b478392e1975f96286d99d0cb424", "69245b5b23bbf7fb242c9f8f08493e9ecd7711f063259aefffaeb90595d62287", "6f6d839ab09830d59b7fa8fb6917023d8cb5498ee1f1dbd82d37db78eb76bc99", "730888475f5ac0e37c1de4bd05eeb799fdb742697867f524dc8a4cd74bcecc23", "9819b5162ffc121b9e334923c685b0d0826154e41dfe70b2ede2ce29034c71d8", "9e60ef9426efab601dd9aa120e4ff560f4461cf8442e9c0a2b92548d52800699", "af5fbdde0690c7da68e841d7fc2632345d570768ea7406a9434446d7b33b0ee1", "b64efdbdf3bbb1377562c179f167f3bf301251411eb5ac77dec6b7d32bcda463", "bac5f444c118aeb456fac1b0b5d14c6a71ea2a42069b09c176f75e9bd4c186f6", "bda9068aafb73859491e13b99b682bd299c1b5fd50644d697533775828a28ee0", "d659517ca116e6750101a1326107d3479028c5191f0ecee3c7203c50f5b915b0", "eddd3fb1f3e0f82e5915a899285a39ee34ce18fd25d89582bc89fc9fb16cd2c6"]
urllib3 = ["61bf29cada3fc2fbefad4fdf059ea4bd1b4a86d2b6d15e1c7c0b582b9752fe39", "de9529817c93f27c8ccbfead6985011db27bd0ddfcdb2d86f3f663385c6a9c22"]
watchdog = ["965f658d0732de3188211932aeb0bb457587f04f63ab4c1e33eab878e9de961d"]
wcwidth = ["3df37372226d6e63e1b1e1eda15c594bca98a22d33a23832a90998faa96bc65e", "f4ebe71925af7b40a864553f761ed559b43544f8f71746c2d756c7fe788ade7c"]
webencodings = ["a0af1213f3c2226497a97e2b3aa01a7e4bee4f403f95be16fc9acd2947514a78", "b36a1c245f2d304965eb4e0a82848379241dc04b865afcc4aab16748587e1923"]
widgetsnbextension = ["14b2c65f9940c9a7d3b70adbe713dbd38b5ec69724eebaba034d1036cf3d4740", "fa618be8435447a017fd1bf2c7ae922d0428056cfc7449f7a8641edf76b48265"]
wrapt = ["4aea003270831cceb8a90ff27c4031da6ead7ec1886023b80ce0dfe0adf61533"]
