[[package]]
name = "ansiwrap"
version = "0.8.4"
description = "textwrap, but savvy to ANSI colors and styles"
category = "dev"
optional = false
python-versions = "*"

[package.dependencies]
textwrap3 = ">=0.9.2"

[[package]]
name = "appnope"
version = "0.1.2"
description = "Disable App Nap on macOS >= 10.9"
category = "dev"
optional = false
python-versions = "*"

[[package]]
name = "argon2-cffi"
version = "20.1.0"
description = "The secure Argon2 password hashing algorithm."
category = "dev"
optional = false
python-versions = "*"

[package.dependencies]
cffi = ">=1.0.0"
six = "*"

[package.extras]
dev = ["coverage[toml] (>=5.0.2)", "hypothesis", "pytest", "sphinx", "wheel", "pre-commit"]
docs = ["sphinx"]
tests = ["coverage[toml] (>=5.0.2)", "hypothesis", "pytest"]

[[package]]
name = "astroid"
version = "2.5.3"
description = "An abstract syntax tree for Python with inference support."
category = "dev"
optional = false
python-versions = ">=3.6"

[package.dependencies]
lazy-object-proxy = ">=1.4.0"
wrapt = ">=1.11,<1.13"

[[package]]
name = "async-generator"
version = "1.10"
description = "Async generators and context managers for Python 3.5+"
category = "dev"
optional = false
python-versions = ">=3.5"

[[package]]
name = "atomicwrites"
version = "1.4.0"
description = "Atomic file writes."
category = "dev"
optional = false
python-versions = ">=2.7, !=3.0.*, !=3.1.*, !=3.2.*, !=3.3.*"

[[package]]
name = "attrs"
version = "20.3.0"
description = "Classes Without Boilerplate"
category = "dev"
optional = false
python-versions = ">=2.7, !=3.0.*, !=3.1.*, !=3.2.*, !=3.3.*"

[package.extras]
tests_no_zope = ["six", "pytest (>=4.3.0)", "pympler", "hypothesis", "coverage[toml] (>=5.0.2)"]
tests = ["zope.interface", "six", "pytest (>=4.3.0)", "pympler", "hypothesis", "coverage[toml] (>=5.0.2)"]
docs = ["zope.interface", "sphinx", "furo"]
dev = ["pre-commit", "sphinx", "furo", "zope.interface", "six", "pytest (>=4.3.0)", "pympler", "hypothesis", "coverage[toml] (>=5.0.2)"]

[[package]]
name = "backcall"
version = "0.2.0"
description = "Specifications for callback functions passed in to an API"
category = "dev"
optional = false
python-versions = "*"

[[package]]
name = "black"
version = "22.1.0"
description = "The uncompromising code formatter."
category = "dev"
optional = false
python-versions = ">=3.6.2"

[package.dependencies]
click = ">=8.0.0"
mypy-extensions = ">=0.4.3"
pathspec = ">=0.9.0"
platformdirs = ">=2"
tomli = ">=1.1.0"
typing-extensions = {version = ">=3.10.0.0", markers = "python_version < \"3.10\""}

[package.extras]
uvloop = ["uvloop (>=0.15.2)"]
jupyter = ["tokenize-rt (>=3.2.0)", "ipython (>=7.8.0)"]
d = ["aiohttp (>=3.7.4)"]
colorama = ["colorama (>=0.4.3)"]

[[package]]
name = "bleach"
version = "3.3.0"
description = "An easy safelist-based HTML-sanitizing tool."
category = "dev"
optional = false
python-versions = ">=2.7, !=3.0.*, !=3.1.*, !=3.2.*, !=3.3.*, !=3.4.*"

[package.dependencies]
packaging = "*"
six = ">=1.9.0"
webencodings = "*"

[[package]]
name = "cached-property"
version = "1.5.2"
description = "A decorator for caching properties in classes."
category = "main"
optional = false
python-versions = "*"

[[package]]
name = "certifi"
version = "2020.12.5"
description = "Python package for providing Mozilla's CA Bundle."
category = "dev"
optional = false
python-versions = "*"

[[package]]
name = "cffi"
version = "1.14.5"
description = "Foreign Function Interface for Python calling C code."
category = "dev"
optional = false
python-versions = "*"

[package.dependencies]
pycparser = "*"

[[package]]
name = "charset-normalizer"
version = "2.0.7"
description = "The Real First Universal Charset Detector. Open, modern and actively maintained alternative to Chardet."
category = "dev"
optional = false
python-versions = ">=3.5.0"

[package.extras]
unicode_backport = ["unicodedata2"]

[[package]]
name = "classproperties"
version = "0.2.0"
description = "property for class methods"
category = "main"
optional = false
python-versions = "*"

[[package]]
name = "click"
version = "8.0.3"
description = "Composable command line interface toolkit"
category = "dev"
optional = false
python-versions = ">=3.6"

[package.dependencies]
colorama = {version = "*", markers = "platform_system == \"Windows\""}

[[package]]
name = "colorama"
version = "0.4.4"
description = "Cross-platform colored terminal text."
category = "dev"
optional = false
python-versions = ">=2.7, !=3.0.*, !=3.1.*, !=3.2.*, !=3.3.*, !=3.4.*"

[[package]]
name = "coverage"
version = "5.5"
description = "Code coverage measurement for Python"
category = "dev"
optional = false
python-versions = ">=2.7, !=3.0.*, !=3.1.*, !=3.2.*, !=3.3.*, !=3.4.*, <4"

[package.extras]
toml = ["toml"]

[[package]]
name = "coveragespace"
version = "4.1"
description = "A place to track your code coverage metrics."
category = "dev"
optional = false
python-versions = ">=3.6,<4.0"

[package.dependencies]
colorama = ">=0.4"
coverage = ">=4.0"
docopt = ">=0.6"
minilog = ">=2.0,<3.0"
requests = ">=2.0,<3.0"

[[package]]
name = "decorator"
version = "5.0.7"
description = "Decorators for Humans"
category = "dev"
optional = false
python-versions = ">=3.5"

[[package]]
name = "defusedxml"
version = "0.7.1"
description = "XML bomb protection for Python stdlib modules"
category = "dev"
optional = false
python-versions = ">=2.7, !=3.0.*, !=3.1.*, !=3.2.*, !=3.3.*, !=3.4.*"

[[package]]
name = "docopt"
version = "0.6.2"
description = "Pythonic argument parser, that will make you smile"
category = "dev"
optional = false
python-versions = "*"

[[package]]
name = "entrypoints"
version = "0.3"
description = "Discover and load entry points from installed packages."
category = "dev"
optional = false
python-versions = ">=2.7"

[[package]]
name = "ghp-import"
version = "2.0.2"
description = "Copy your docs directly to the gh-pages branch."
category = "dev"
optional = false
python-versions = "*"

[package.dependencies]
python-dateutil = ">=2.8.1"

[package.extras]
dev = ["wheel", "flake8", "markdown", "twine"]

[[package]]
name = "gprof2dot"
version = "2021.2.21"
description = "Generate a dot graph from the output of several profilers."
category = "dev"
optional = false
python-versions = "*"

[[package]]
name = "idna"
version = "3.3"
description = "Internationalized Domain Names in Applications (IDNA)"
category = "dev"
optional = false
python-versions = ">=3.5"

[[package]]
name = "importlib-metadata"
version = "4.12.0"
description = "Read metadata from Python packages"
category = "dev"
optional = false
python-versions = ">=3.7"

[package.dependencies]
zipp = ">=0.5"

[package.extras]
docs = ["sphinx", "jaraco.packaging (>=9)", "rst.linker (>=1.9)"]
perf = ["ipython"]
testing = ["pytest (>=6)", "pytest-checkdocs (>=2.4)", "pytest-flake8", "pytest-cov", "pytest-enabler (>=1.3)", "packaging", "pyfakefs", "flufl.flake8", "pytest-perf (>=0.9.2)", "pytest-black (>=0.3.7)", "pytest-mypy (>=0.9.1)", "importlib-resources (>=1.3)"]

[[package]]
name = "iniconfig"
version = "1.1.1"
description = "iniconfig: brain-dead simple config-ini parsing"
category = "dev"
optional = false
python-versions = "*"

[[package]]
name = "ipykernel"
version = "5.5.3"
description = "IPython Kernel for Jupyter"
category = "dev"
optional = false
python-versions = ">=3.5"

[package.dependencies]
appnope = {version = "*", markers = "platform_system == \"Darwin\""}
ipython = ">=5.0.0"
jupyter-client = "*"
tornado = ">=4.2"
traitlets = ">=4.1.0"

[package.extras]
test = ["jedi (<=0.17.2)", "nose", "flaky", "pytest-cov", "pytest (!=5.3.4)"]

[[package]]
name = "ipython"
version = "7.31.1"
description = "IPython: Productive Interactive Computing"
category = "dev"
optional = false
python-versions = ">=3.7"

[package.dependencies]
appnope = {version = "*", markers = "sys_platform == \"darwin\""}
backcall = "*"
colorama = {version = "*", markers = "sys_platform == \"win32\""}
decorator = "*"
jedi = ">=0.16"
matplotlib-inline = "*"
pexpect = {version = ">4.3", markers = "sys_platform != \"win32\""}
pickleshare = "*"
prompt-toolkit = ">=2.0.0,<3.0.0 || >3.0.0,<3.0.1 || >3.0.1,<3.1.0"
pygments = "*"
traitlets = ">=4.2"

[package.extras]
test = ["numpy (>=1.17)", "ipykernel", "nbformat", "pygments", "testpath", "requests", "nose (>=0.10.1)"]
qtconsole = ["qtconsole"]
parallel = ["ipyparallel"]
notebook = ["ipywidgets", "notebook"]
nbformat = ["nbformat"]
nbconvert = ["nbconvert"]
kernel = ["ipykernel"]
doc = ["Sphinx (>=1.3)"]
all = ["testpath", "requests", "qtconsole", "pygments", "numpy (>=1.17)", "notebook", "nose (>=0.10.1)", "nbformat", "nbconvert", "ipywidgets", "ipyparallel", "ipykernel", "Sphinx (>=1.3)"]

[[package]]
name = "ipython-genutils"
version = "0.2.0"
description = "Vestigial utilities from IPython"
category = "dev"
optional = false
python-versions = "*"

[[package]]
name = "ipywidgets"
version = "7.6.3"
description = "IPython HTML widgets for Jupyter"
category = "dev"
optional = false
python-versions = "*"

[package.dependencies]
ipykernel = ">=4.5.1"
ipython = {version = ">=4.0.0", markers = "python_version >= \"3.3\""}
jupyterlab-widgets = {version = ">=1.0.0", markers = "python_version >= \"3.6\""}
nbformat = ">=4.2.0"
traitlets = ">=4.3.1"
widgetsnbextension = ">=3.5.0,<3.6.0"

[package.extras]
test = ["mock", "pytest-cov", "pytest (>=3.6.0)"]

[[package]]
name = "isort"
version = "5.10.1"
description = "A Python utility / library to sort Python imports."
category = "dev"
optional = false
python-versions = ">=3.6.1,<4.0"

[package.extras]
pipfile_deprecated_finder = ["pipreqs", "requirementslib"]
requirements_deprecated_finder = ["pipreqs", "pip-api"]
colors = ["colorama (>=0.4.3,<0.5.0)"]
plugins = ["setuptools"]

[[package]]
name = "jedi"
version = "0.18.0"
description = "An autocompletion tool for Python that can be used for text editors."
category = "dev"
optional = false
python-versions = ">=3.6"

[package.dependencies]
parso = ">=0.8.0,<0.9.0"

[package.extras]
testing = ["pytest (<6.0.0)", "docopt", "colorama", "Django (<3.1)"]
qa = ["mypy (==0.782)", "flake8 (==3.8.3)"]

[[package]]
name = "jinja2"
version = "3.0.3"
description = "A very fast and expressive template engine."
category = "dev"
optional = false
python-versions = ">=3.6"

[package.dependencies]
MarkupSafe = ">=2.0"

[package.extras]
i18n = ["Babel (>=2.7)"]

[[package]]
name = "jsonschema"
version = "3.2.0"
description = "An implementation of JSON Schema validation for Python"
category = "dev"
optional = false
python-versions = "*"

[package.dependencies]
attrs = ">=17.4.0"
pyrsistent = ">=0.14.0"
six = ">=1.11.0"

[package.extras]
format_nongpl = ["rfc3339-validator", "rfc3986-validator (>0.1.0)", "webcolors", "jsonpointer (>1.13)", "idna"]
format = ["webcolors", "strict-rfc3339", "rfc3987", "jsonpointer (>1.13)", "idna"]

[[package]]
name = "jupyter"
version = "1.0.0"
description = "Jupyter metapackage. Install all the Jupyter components in one go."
category = "dev"
optional = false
python-versions = "*"

[package.dependencies]
ipykernel = "*"
ipywidgets = "*"
jupyter-console = "*"
nbconvert = "*"
notebook = "*"
qtconsole = "*"

[[package]]
name = "jupyter-client"
version = "6.2.0"
description = "Jupyter protocol implementation and client libraries"
category = "dev"
optional = false
python-versions = ">=3.6.1"

[package.dependencies]
jupyter-core = ">=4.6.0"
nest-asyncio = ">=1.5"
python-dateutil = ">=2.1"
pyzmq = ">=13"
tornado = ">=4.1"
traitlets = "*"

[package.extras]
test = ["jedi (<0.18)", "pre-commit", "mypy", "pytest", "pytest-timeout", "pytest-asyncio", "mock", "ipython", "ipykernel", "async-generator"]
doc = ["sphinxcontrib-github-alt", "sphinx-rtd-theme", "sphinx (>=1.3.6)"]

[[package]]
name = "jupyter-console"
version = "6.4.0"
description = "Jupyter terminal console"
category = "dev"
optional = false
python-versions = ">=3.6"

[package.dependencies]
ipykernel = "*"
ipython = "*"
jupyter-client = "*"
prompt-toolkit = ">=2.0.0,<3.0.0 || >3.0.0,<3.0.1 || >3.0.1,<3.1.0"
pygments = "*"

[package.extras]
test = ["pexpect"]

[[package]]
name = "jupyter-core"
version = "4.7.1"
description = "Jupyter core package. A base package on which Jupyter projects rely."
category = "dev"
optional = false
python-versions = ">=3.6"

[package.dependencies]
pywin32 = {version = ">=1.0", markers = "sys_platform == \"win32\""}
traitlets = "*"

[[package]]
name = "jupyterlab-pygments"
version = "0.2.2"
description = "Pygments theme using JupyterLab CSS variables"
category = "dev"
optional = false
python-versions = ">=3.7"

[[package]]
name = "jupyterlab-widgets"
version = "1.0.0"
description = "A JupyterLab extension."
category = "dev"
optional = false
python-versions = ">=3.6"

[[package]]
name = "lazy-object-proxy"
version = "1.6.0"
description = "A fast and thorough lazy object proxy."
category = "dev"
optional = false
python-versions = ">=2.7, !=3.0.*, !=3.1.*, !=3.2.*, !=3.3.*, !=3.4.*, !=3.5.*"

[[package]]
name = "markdown"
version = "3.3.4"
description = "Python implementation of Markdown."
category = "dev"
optional = false
python-versions = ">=3.6"

[package.extras]
testing = ["pyyaml", "coverage"]

[[package]]
name = "markupsafe"
version = "2.1.1"
description = "Safely add untrusted strings to HTML/XML markup."
category = "dev"
optional = false
python-versions = ">=3.7"

[[package]]
name = "matplotlib-inline"
version = "0.1.3"
description = "Inline Matplotlib backend for Jupyter"
category = "dev"
optional = false
python-versions = ">=3.5"

[package.dependencies]
traitlets = "*"

[[package]]
name = "mccabe"
version = "0.6.1"
description = "McCabe checker, plugin for flake8"
category = "dev"
optional = false
python-versions = "*"

[[package]]
name = "mergedeep"
version = "1.3.4"
description = "A deep merge function for 🐍."
category = "dev"
optional = false
python-versions = ">=3.6"

[[package]]
name = "minilog"
version = "2.1"
description = "Minimalistic wrapper for Python logging."
category = "main"
optional = false
python-versions = ">=3.7,<4.0"

[[package]]
name = "mistune"
version = "0.8.4"
description = "The fastest markdown parser in pure Python"
category = "dev"
optional = false
python-versions = "*"

[[package]]
name = "mkdocs"
version = "1.3.1"
description = "Project documentation with Markdown."
category = "dev"
optional = false
python-versions = ">=3.6"

[package.dependencies]
click = ">=3.3"
ghp-import = ">=1.0"
importlib-metadata = ">=4.3"
Jinja2 = ">=2.10.2"
Markdown = ">=3.2.1,<3.4"
mergedeep = ">=1.3.4"
packaging = ">=20.5"
PyYAML = ">=3.10"
pyyaml-env-tag = ">=0.1"
watchdog = ">=2.0"

[package.extras]
i18n = ["babel (>=2.9.0)"]

[[package]]
name = "mypy"
version = "0.910"
description = "Optional static typing for Python"
category = "dev"
optional = false
python-versions = ">=3.5"

[package.dependencies]
mypy-extensions = ">=0.4.3,<0.5.0"
toml = "*"
typing-extensions = ">=3.7.4"

[package.extras]
python2 = ["typed-ast (>=1.4.0,<1.5.0)"]
dmypy = ["psutil (>=4.0)"]

[[package]]
name = "mypy-extensions"
version = "0.4.3"
description = "Experimental type system extensions for programs checked with the mypy typechecker."
category = "dev"
optional = false
python-versions = "*"

[[package]]
name = "nbclient"
version = "0.5.3"
description = "A client library for executing notebooks. Formerly nbconvert's ExecutePreprocessor."
category = "dev"
optional = false
python-versions = ">=3.6.1"

[package.dependencies]
async-generator = "*"
jupyter-client = ">=6.1.5"
nbformat = ">=5.0"
nest-asyncio = "*"
traitlets = ">=4.2"

[package.extras]
test = ["black", "twine (>=1.11.0)", "setuptools (>=38.6.0)", "wheel (>=0.31.0)", "pip (>=18.1)", "xmltodict", "bumpversion", "tox", "mypy", "flake8", "check-manifest", "pytest-cov (>=2.6.1)", "pytest (>=4.1)", "ipywidgets", "ipykernel", "ipython", "coverage", "codecov"]
sphinx = ["myst-parser", "moto", "mock", "sphinx-book-theme", "Sphinx (>=1.7)"]
dev = ["black", "twine (>=1.11.0)", "setuptools (>=38.6.0)", "wheel (>=0.31.0)", "pip (>=18.1)", "xmltodict", "bumpversion", "tox", "mypy", "flake8", "check-manifest", "pytest-cov (>=2.6.1)", "pytest (>=4.1)", "ipywidgets", "ipykernel", "ipython", "coverage", "codecov"]

[[package]]
name = "nbconvert"
version = "6.3.0"
description = "Converting Jupyter Notebooks"
category = "dev"
optional = false
python-versions = ">=3.7"

[package.dependencies]
bleach = "*"
defusedxml = "*"
entrypoints = ">=0.2.2"
jinja2 = ">=2.4"
jupyter-core = "*"
jupyterlab-pygments = "*"
mistune = ">=0.8.1,<2"
nbclient = ">=0.5.0,<0.6.0"
nbformat = ">=4.4"
pandocfilters = ">=1.4.1"
pygments = ">=2.4.1"
testpath = "*"
traitlets = ">=5.0"

[package.extras]
webpdf = ["pyppeteer (==0.2.6)"]
test = ["pyppeteer (==0.2.6)", "ipywidgets (>=7)", "ipykernel", "pytest-dependency", "pytest-cov", "pytest"]
serve = ["tornado (>=4.0)"]
docs = ["ipython", "nbsphinx (>=0.2.12)", "sphinx-rtd-theme", "sphinx (>=1.5.1)"]
all = ["ipython", "nbsphinx (>=0.2.12)", "sphinx-rtd-theme", "sphinx (>=1.5.1)", "tornado (>=4.0)", "pyppeteer (==0.2.6)", "ipywidgets (>=7)", "ipykernel", "pytest-dependency", "pytest-cov", "pytest"]

[[package]]
name = "nbformat"
version = "5.1.3"
description = "The Jupyter Notebook format"
category = "dev"
optional = false
python-versions = ">=3.5"

[package.dependencies]
ipython-genutils = "*"
jsonschema = ">=2.4,<2.5.0 || >2.5.0"
jupyter-core = "*"
traitlets = ">=4.1"

[package.extras]
test = ["pytest-cov", "pytest", "testpath", "fastjsonschema", "check-manifest"]
fast = ["fastjsonschema"]

[[package]]
name = "nbstripout"
version = "0.4.0"
description = "Strips outputs from Jupyter and IPython notebooks"
category = "dev"
optional = false
python-versions = ">=3.5"

[package.dependencies]
nbformat = "*"

[[package]]
name = "nest-asyncio"
version = "1.5.1"
description = "Patch asyncio to allow nested event loops"
category = "dev"
optional = false
python-versions = ">=3.5"

[[package]]
name = "notebook"
version = "6.4.12"
description = "A web-based notebook environment for interactive computing"
category = "dev"
optional = false
python-versions = ">=3.7"

[package.dependencies]
argon2-cffi = "*"
ipykernel = "*"
ipython-genutils = "*"
jinja2 = "*"
jupyter-client = ">=5.3.4"
jupyter-core = ">=4.6.1"
nbconvert = ">=5"
nbformat = "*"
nest-asyncio = ">=1.5"
prometheus-client = "*"
pyzmq = ">=17"
Send2Trash = ">=1.8.0"
terminado = ">=0.8.3"
tornado = ">=6.1"
traitlets = ">=4.2.1"

[package.extras]
test = ["requests-unixsocket", "pytest-cov", "selenium", "nbval", "testpath", "requests", "coverage", "pytest"]
json-logging = ["json-logging"]
docs = ["myst-parser", "sphinx-rtd-theme", "sphinxcontrib-github-alt", "nbsphinx", "sphinx"]

[[package]]
name = "packaging"
version = "20.9"
description = "Core utilities for Python packages"
category = "dev"
optional = false
python-versions = ">=2.7, !=3.0.*, !=3.1.*, !=3.2.*, !=3.3.*"

[package.dependencies]
pyparsing = ">=2.0.2"

[[package]]
name = "pandocfilters"
version = "1.4.3"
description = "Utilities for writing pandoc filters in python"
category = "dev"
optional = false
python-versions = ">=2.7, !=3.0.*, !=3.1.*, !=3.2.*, !=3.3.*"

[[package]]
name = "papermill"
version = "2.3.3"
description = "Parametrize and run Jupyter and nteract Notebooks"
category = "dev"
optional = false
python-versions = ">=3.6"

[package.dependencies]
ansiwrap = "*"
black = "*"
click = "*"
entrypoints = "*"
nbclient = ">=0.2.0"
nbformat = ">=5.1.2"
pyyaml = "*"
requests = "*"
tenacity = "*"
tqdm = ">=4.32.2"

[package.extras]
test = ["pyarrow", "gcsfs (>=0.2.0)", "azure-storage-blob (>=12.1.0)", "azure-datalake-store (>=0.0.30)", "twine (>=1.11.0)", "setuptools (>=38.6.0)", "wheel (>=0.31.0)", "pip (>=18.1)", "recommonmark", "bumpversion", "tox", "flake8", "pre-commit", "attrs (>=17.4.0)", "check-manifest", "requests (>=2.21.0)", "pytest-env (>=0.6.2)", "pytest-mock (>=1.10)", "pytest-cov (>=2.6.1)", "pytest (>=4.1)", "moto", "mock", "notebook", "ipywidgets", "ipython (>=5.0)", "google-compute-engine", "coverage", "codecov", "botocore", "boto3"]
s3 = ["boto3"]
hdfs = ["pyarrow"]
gcs = ["gcsfs (>=0.2.0)"]
dev = ["pyarrow", "gcsfs (>=0.2.0)", "azure-storage-blob (>=12.1.0)", "azure-datalake-store (>=0.0.30)", "twine (>=1.11.0)", "setuptools (>=38.6.0)", "wheel (>=0.31.0)", "pip (>=18.1)", "recommonmark", "bumpversion", "tox", "flake8", "pre-commit", "attrs (>=17.4.0)", "check-manifest", "requests (>=2.21.0)", "pytest-env (>=0.6.2)", "pytest-mock (>=1.10)", "pytest-cov (>=2.6.1)", "pytest (>=4.1)", "moto", "mock", "notebook", "ipywidgets", "ipython (>=5.0)", "google-compute-engine", "coverage", "codecov", "botocore", "boto3"]
azure = ["requests (>=2.21.0)", "azure-storage-blob (>=12.1.0)", "azure-datalake-store (>=0.0.30)"]
all = ["pyarrow", "gcsfs (>=0.2.0)", "requests (>=2.21.0)", "azure-storage-blob (>=12.1.0)", "azure-datalake-store (>=0.0.30)", "boto3"]

[[package]]
name = "parse"
version = "1.19.0"
description = "parse() is the opposite of format()"
category = "main"
optional = false
python-versions = "*"

[[package]]
name = "parso"
version = "0.8.2"
description = "A Python Parser"
category = "dev"
optional = false
python-versions = ">=3.6"

[package.extras]
testing = ["pytest (<6.0.0)", "docopt"]
qa = ["mypy (==0.782)", "flake8 (==3.8.3)"]

[[package]]
name = "pathspec"
version = "0.9.0"
description = "Utility library for gitignore style pattern matching of file paths."
category = "dev"
optional = false
python-versions = "!=3.0.*,!=3.1.*,!=3.2.*,!=3.3.*,!=3.4.*,>=2.7"

[[package]]
name = "pexpect"
version = "4.8.0"
description = "Pexpect allows easy control of interactive console applications."
category = "dev"
optional = false
python-versions = "*"

[package.dependencies]
ptyprocess = ">=0.5"

[[package]]
name = "pickleshare"
version = "0.7.5"
description = "Tiny 'shelve'-like database with concurrency support"
category = "dev"
optional = false
python-versions = "*"

[[package]]
name = "platformdirs"
version = "2.4.0"
description = "A small Python module for determining appropriate platform-specific dirs, e.g. a \"user data dir\"."
category = "dev"
optional = false
python-versions = ">=3.6"

[package.extras]
test = ["pytest-mock (>=3.6)", "pytest-cov (>=2.7)", "pytest (>=6)", "appdirs (==1.4.4)"]
docs = ["sphinx-autodoc-typehints (>=1.12)", "proselint (>=0.10.2)", "furo (>=2021.7.5b38)", "Sphinx (>=4)"]

[[package]]
name = "pluggy"
version = "1.0.0"
description = "plugin and hook calling mechanisms for python"
category = "dev"
optional = false
python-versions = ">=3.6"

[package.extras]
testing = ["pytest-benchmark", "pytest"]
dev = ["tox", "pre-commit"]

[[package]]
name = "prometheus-client"
version = "0.10.1"
description = "Python client for the Prometheus monitoring system."
category = "dev"
optional = false
python-versions = ">=2.7, !=3.0.*, !=3.1.*, !=3.2.*, !=3.3.*"

[package.extras]
twisted = ["twisted"]

[[package]]
name = "prompt-toolkit"
version = "3.0.18"
description = "Library for building powerful interactive command lines in Python"
category = "dev"
optional = false
python-versions = ">=3.6.1"

[package.dependencies]
wcwidth = "*"

[[package]]
name = "ptyprocess"
version = "0.7.0"
description = "Run a subprocess in a pseudo terminal"
category = "dev"
optional = false
python-versions = "*"

[[package]]
name = "py"
version = "1.10.0"
description = "library with cross-python path, ini-parsing, io, code, log facilities"
category = "dev"
optional = false
python-versions = ">=2.7, !=3.0.*, !=3.1.*, !=3.2.*, !=3.3.*"

[[package]]
name = "pycparser"
version = "2.20"
description = "C parser in Python"
category = "dev"
optional = false
python-versions = ">=2.7, !=3.0.*, !=3.1.*, !=3.2.*, !=3.3.*"

[[package]]
name = "pydocstyle"
version = "6.0.0"
description = "Python docstring style checker"
category = "dev"
optional = false
python-versions = ">=3.6"

[package.dependencies]
snowballstemmer = "*"

[[package]]
name = "pygments"
version = "2.10.0"
description = "Pygments is a syntax highlighting package written in Python."
category = "dev"
optional = false
python-versions = ">=3.5"

[[package]]
name = "pylint"
version = "2.7.4"
description = "python code static checker"
category = "dev"
optional = false
python-versions = "~=3.6"

[package.dependencies]
astroid = ">=2.5.2,<2.7"
colorama = {version = "*", markers = "sys_platform == \"win32\""}
isort = ">=4.2.5,<6"
mccabe = ">=0.6,<0.7"
toml = ">=0.7.1"

[package.extras]
docs = ["python-docs-theme (==2020.12)", "sphinx (==3.5.1)"]

[[package]]
name = "pyparsing"
version = "2.4.7"
description = "Python parsing module"
category = "dev"
optional = false
python-versions = ">=2.6, !=3.0.*, !=3.1.*, !=3.2.*"

[[package]]
name = "pyrsistent"
version = "0.17.3"
description = "Persistent/Functional/Immutable data structures"
category = "dev"
optional = false
python-versions = ">=3.5"

[[package]]
name = "pytest"
version = "6.2.5"
description = "pytest: simple powerful testing with Python"
category = "dev"
optional = false
python-versions = ">=3.6"

[package.dependencies]
atomicwrites = {version = ">=1.0", markers = "sys_platform == \"win32\""}
attrs = ">=19.2.0"
colorama = {version = "*", markers = "sys_platform == \"win32\""}
iniconfig = "*"
packaging = "*"
pluggy = ">=0.12,<2.0"
py = ">=1.8.2"
toml = "*"

[package.extras]
testing = ["xmlschema", "requests", "nose", "mock", "hypothesis (>=3.56)", "argcomplete"]

[[package]]
name = "pytest-cov"
version = "2.11.1"
description = "Pytest plugin for measuring coverage."
category = "dev"
optional = false
python-versions = ">=2.7, !=3.0.*, !=3.1.*, !=3.2.*, !=3.3.*, !=3.4.*"

[package.dependencies]
coverage = ">=5.2.1"
pytest = ">=4.6"

[package.extras]
testing = ["virtualenv", "pytest-xdist", "six", "process-tests (==2.0.2)", "hunter", "fields"]

[[package]]
name = "pytest-describe"
version = "2.0.0"
description = "Describe-style plugin for pytest"
category = "dev"
optional = false
python-versions = "*"

[package.dependencies]
pytest = ">=4.0.0"

[[package]]
name = "pytest-expecter"
version = "2.2"
description = "Better testing with expecter and pytest."
category = "dev"
optional = false
python-versions = ">=3.6,<4.0"

[[package]]
name = "pytest-mock"
version = "3.5.1"
description = "Thin-wrapper around the mock package for easier use with pytest"
category = "dev"
optional = false
python-versions = ">=3.5"

[package.dependencies]
pytest = ">=5.0"

[package.extras]
dev = ["pytest-asyncio", "tox", "pre-commit"]

[[package]]
name = "pytest-profiling"
version = "1.7.0"
description = "Profiling plugin for py.test"
category = "dev"
optional = false
python-versions = "*"

[package.dependencies]
gprof2dot = "*"
pytest = "*"
six = "*"

[package.extras]
tests = ["pytest-virtualenv"]

[[package]]
name = "pytest-random"
version = "0.02"
description = "py.test plugin to randomize tests"
category = "dev"
optional = false
python-versions = "*"

[package.dependencies]
pytest = ">=2.2.3"

[[package]]
name = "pytest-repeat"
version = "0.9.1"
description = "pytest plugin for repeating tests"
category = "dev"
optional = false
python-versions = ">=2.7, !=3.0.*, !=3.1.*, !=3.2.*, !=3.3.*, !=3.4.*"

[package.dependencies]
pytest = ">=3.6"

[[package]]
name = "pytest-watch"
version = "4.2.0"
description = "Local continuous test runner with pytest and watchdog."
category = "dev"
optional = false
python-versions = "*"

[package.dependencies]
colorama = ">=0.3.3"
docopt = ">=0.4.0"
pytest = ">=2.6.4"
watchdog = ">=0.6.0"

[[package]]
name = "python-dateutil"
version = "2.8.1"
description = "Extensions to the standard Python datetime module"
category = "dev"
optional = false
python-versions = "!=3.0.*,!=3.1.*,!=3.2.*,>=2.7"

[package.dependencies]
six = ">=1.5"

[[package]]
name = "pywin32"
version = "301"
description = "Python for Window Extensions"
category = "dev"
optional = false
python-versions = "*"

[[package]]
name = "pywinpty"
version = "0.5.7"
description = "Python bindings for the winpty library"
category = "dev"
optional = false
python-versions = "*"

[[package]]
name = "pyyaml"
version = "5.4.1"
description = "YAML parser and emitter for Python"
category = "dev"
optional = false
python-versions = ">=2.7, !=3.0.*, !=3.1.*, !=3.2.*, !=3.3.*, !=3.4.*, !=3.5.*"

[[package]]
name = "pyyaml-env-tag"
version = "0.1"
description = "A custom YAML tag for referencing environment variables in YAML files. "
category = "dev"
optional = false
python-versions = ">=3.6"

[package.dependencies]
pyyaml = "*"

[[package]]
name = "pyzmq"
version = "22.0.3"
description = "Python bindings for 0MQ"
category = "dev"
optional = false
python-versions = ">=3.6"

[package.dependencies]
cffi = {version = "*", markers = "implementation_name == \"pypy\""}
py = {version = "*", markers = "implementation_name == \"pypy\""}

[[package]]
name = "qtconsole"
version = "5.0.3"
description = "Jupyter Qt console"
category = "dev"
optional = false
python-versions = ">= 3.6"

[package.dependencies]
ipykernel = ">=4.1"
ipython-genutils = "*"
jupyter-client = ">=4.1"
jupyter-core = "*"
pygments = "*"
pyzmq = ">=17.1"
qtpy = "*"
traitlets = "*"

[package.extras]
test = ["pytest-qt", "pytest", "flaky"]
doc = ["Sphinx (>=1.3)"]

[[package]]
name = "qtpy"
version = "1.9.0"
description = "Provides an abstraction layer on top of the various Qt bindings (PyQt5, PyQt4 and PySide) and additional custom QWidgets."
category = "dev"
optional = false
python-versions = "*"

[[package]]
name = "requests"
version = "2.26.0"
description = "Python HTTP for Humans."
category = "dev"
optional = false
python-versions = ">=2.7, !=3.0.*, !=3.1.*, !=3.2.*, !=3.3.*, !=3.4.*, !=3.5.*"

[package.dependencies]
certifi = ">=2017.4.17"
charset-normalizer = {version = ">=2.0.0,<2.1.0", markers = "python_version >= \"3\""}
idna = {version = ">=2.5,<4", markers = "python_version >= \"3\""}
urllib3 = ">=1.21.1,<1.27"

[package.extras]
use_chardet_on_py3 = ["chardet (>=3.0.2,<5)"]
socks = ["win-inet-pton", "PySocks (>=1.5.6,!=1.5.7)"]

[[package]]
name = "ruamel.yaml"
version = "0.17.21"
description = "ruamel.yaml is a YAML parser/emitter that supports roundtrip preservation of comments, seq/map flow style, and map key order"
category = "main"
optional = false
python-versions = ">=3"

[package.dependencies]
"ruamel.yaml.clib" = {version = ">=0.2.6", markers = "platform_python_implementation == \"CPython\" and python_version < \"3.11\""}

[package.extras]
docs = ["ryd"]
jinja2 = ["ruamel.yaml.jinja2 (>=0.2)"]

[[package]]
name = "ruamel.yaml.clib"
version = "0.2.6"
description = "C version of reader, parser and emitter for ruamel.yaml derived from libyaml"
category = "main"
optional = false
python-versions = ">=3.5"

[[package]]
name = "send2trash"
version = "1.8.0"
description = "Send file to trash natively under Mac OS X, Windows and Linux."
category = "dev"
optional = false
python-versions = "*"

[package.extras]
win32 = ["pywin32"]
objc = ["pyobjc-framework-cocoa"]
nativelib = ["pywin32", "pyobjc-framework-cocoa"]

[[package]]
name = "six"
version = "1.15.0"
description = "Python 2 and 3 compatibility utilities"
category = "dev"
optional = false
python-versions = ">=2.7, !=3.0.*, !=3.1.*, !=3.2.*"

[[package]]
name = "snowballstemmer"
version = "2.1.0"
description = "This package provides 29 stemmers for 28 languages generated from Snowball algorithms."
category = "dev"
optional = false
python-versions = "*"

[[package]]
name = "tenacity"
version = "7.0.0"
description = "Retry code until it succeeds"
category = "dev"
optional = false
python-versions = "*"

[package.dependencies]
six = ">=1.9.0"

[package.extras]
doc = ["reno", "sphinx", "tornado (>=4.5)"]

[[package]]
name = "terminado"
version = "0.9.4"
description = "Tornado websocket backend for the Xterm.js Javascript terminal emulator library."
category = "dev"
optional = false
python-versions = ">=3.6"

[package.dependencies]
ptyprocess = {version = "*", markers = "os_name != \"nt\""}
pywinpty = {version = ">=0.5", markers = "os_name == \"nt\""}
tornado = ">=4"

[package.extras]
test = ["pytest"]

[[package]]
name = "testpath"
version = "0.4.4"
description = "Test utilities for code working with files and commands"
category = "dev"
optional = false
python-versions = "*"

[package.extras]
test = ["pathlib2"]

[[package]]
name = "textwrap3"
version = "0.9.2"
description = "textwrap from Python 3.6 backport (plus a few tweaks)"
category = "dev"
optional = false
python-versions = "*"

[[package]]
name = "toml"
version = "0.10.2"
description = "Python Library for Tom's Obvious, Minimal Language"
category = "dev"
optional = false
python-versions = ">=2.6, !=3.0.*, !=3.1.*, !=3.2.*"

[[package]]
name = "tomli"
version = "1.2.1"
description = "A lil' TOML parser"
category = "dev"
optional = false
python-versions = ">=3.6"

[[package]]
name = "tomlkit"
version = "0.10.1"
description = "Style preserving TOML library"
category = "main"
optional = false
python-versions = ">=3.6,<4.0"

[[package]]
name = "tornado"
version = "6.1"
description = "Tornado is a Python web framework and asynchronous networking library, originally developed at FriendFeed."
category = "dev"
optional = false
python-versions = ">= 3.5"

[[package]]
name = "tqdm"
version = "4.60.0"
description = "Fast, Extensible Progress Meter"
category = "dev"
optional = false
python-versions = "!=3.0.*,!=3.1.*,!=3.2.*,!=3.3.*,>=2.7"

[package.extras]
dev = ["py-make (>=0.1.0)", "twine", "wheel"]
notebook = ["ipywidgets (>=6)"]
telegram = ["requests"]

[[package]]
name = "traitlets"
version = "5.0.5"
description = "Traitlets Python configuration system"
category = "dev"
optional = false
python-versions = ">=3.7"

[package.dependencies]
ipython-genutils = "*"

[package.extras]
test = ["pytest"]

[[package]]
name = "typing-extensions"
version = "3.10.0.2"
description = "Backported and Experimental Type Hints for Python 3.5+"
category = "dev"
optional = false
python-versions = "*"

[[package]]
name = "urllib3"
version = "1.26.5"
description = "HTTP library with thread-safe connection pooling, file post, and more."
category = "dev"
optional = false
python-versions = ">=2.7, !=3.0.*, !=3.1.*, !=3.2.*, !=3.3.*, !=3.4.*, <4"

[package.extras]
socks = ["PySocks (>=1.5.6,!=1.5.7,<2.0)"]
secure = ["ipaddress", "certifi", "idna (>=2.0.0)", "cryptography (>=1.3.4)", "pyOpenSSL (>=0.14)"]
brotli = ["brotlipy (>=0.6.0)"]

[[package]]
name = "watchdog"
version = "2.0.3"
description = "Filesystem events monitoring"
category = "dev"
optional = false
python-versions = ">=3.6"

[package.extras]
watchmedo = ["argh (>=0.24.1)", "PyYAML (>=3.10)"]

[[package]]
name = "wcwidth"
version = "0.2.5"
description = "Measures the displayed width of unicode strings in a terminal"
category = "dev"
optional = false
python-versions = "*"

[[package]]
name = "webencodings"
version = "0.5.1"
description = "Character encoding aliases for legacy web content"
category = "dev"
optional = false
python-versions = "*"

[[package]]
name = "widgetsnbextension"
version = "3.5.1"
description = "IPython HTML widgets for Jupyter"
category = "dev"
optional = false
python-versions = "*"

[package.dependencies]
notebook = ">=4.4.1"

[[package]]
name = "wrapt"
version = "1.12.1"
description = "Module for decorators, wrappers and monkey patching."
category = "dev"
optional = false
python-versions = "*"

[[package]]
name = "zipp"
version = "3.4.1"
description = "Backport of pathlib-compatible object wrapper for zip files"
category = "dev"
optional = false
python-versions = ">=3.6"

[package.extras]
docs = ["sphinx", "jaraco.packaging (>=8.2)", "rst.linker (>=1.9)"]
testing = ["pytest (>=4.6)", "pytest-checkdocs (>=1.2.3)", "pytest-flake8", "pytest-cov", "pytest-enabler", "jaraco.itertools", "func-timeout", "pytest-black (>=0.3.7)", "pytest-mypy"]

[metadata]
lock-version = "1.1"
python-versions = "^3.8"
content-hash = "eb3f9d5b068599a7fa6d0d86658ed3ce885ec07118a7d6c8e4af3ce032c27615"

[metadata.files]
ansiwrap = []
appnope = []
argon2-cffi = []
astroid = []
async-generator = []
atomicwrites = []
attrs = []
backcall = []
black = []
bleach = []
cached-property = []
certifi = []
cffi = []
charset-normalizer = []
classproperties = []
click = []
colorama = []
coverage = []
coveragespace = []
decorator = []
defusedxml = []
docopt = []
entrypoints = []
ghp-import = []
gprof2dot = []
idna = []
importlib-metadata = []
iniconfig = []
ipykernel = []
ipython = []
ipython-genutils = []
ipywidgets = []
isort = []
jedi = []
jinja2 = []
jsonschema = []
jupyter = []
jupyter-client = []
jupyter-console = []
jupyter-core = []
jupyterlab-pygments = []
jupyterlab-widgets = []
lazy-object-proxy = []
markdown = []
markupsafe = []
matplotlib-inline = []
mccabe = []
mergedeep = []
minilog = []
mistune = []
mkdocs = []
mypy = []
mypy-extensions = []
nbclient = []
nbconvert = []
nbformat = []
nbstripout = []
nest-asyncio = []
notebook = []
packaging = []
pandocfilters = []
papermill = []
parse = []
parso = []
pathspec = []
pexpect = []
pickleshare = []
platformdirs = []
pluggy = []
prometheus-client = []
prompt-toolkit = []
ptyprocess = []
py = []
pycparser = []
pydocstyle = []
pygments = []
pylint = []
pyparsing = []
pyrsistent = []
pytest = []
pytest-cov = []
pytest-describe = []
pytest-expecter = []
pytest-mock = []
pytest-profiling = []
pytest-random = []
pytest-repeat = []
pytest-watch = []
python-dateutil = []
pywin32 = []
pywinpty = []
pyyaml = []
pyyaml-env-tag = []
pyzmq = []
qtconsole = []
qtpy = []
requests = []
"ruamel.yaml" = []
"ruamel.yaml.clib" = []
send2trash = []
six = []
snowballstemmer = []
tenacity = []
terminado = []
testpath = []
textwrap3 = []
toml = []
tomli = []
tomlkit = []
tornado = []
tqdm = []
traitlets = []
typing-extensions = []
urllib3 = []
watchdog = []
wcwidth = []
webencodings = []
widgetsnbextension = []
wrapt = []
zipp = []
